# THIS IS AN AUTOGENERATED FILE. DO NOT EDIT THIS FILE DIRECTLY.
# yarn lockfile v1


"@github/details-menu-element@^1.0.6":
  version "1.0.6"
  resolved "https://registry.yarnpkg.com/@github/details-menu-element/-/details-menu-element-1.0.6.tgz#078b83f75d654dcc8359c8850fb73277e7740fcc"
  integrity sha512-fDZvy6UWIzkIyn4ls8UmzEpr1H8WhixaQQsLc4ZsyRKe+JFD45T96rWhWJjpJiAVwmTUbx7nX2gA5WpJS+mSxA==

"@webcomponents/custom-elements@1.2.4":
  version "1.2.4"
  resolved "https://registry.yarnpkg.com/@webcomponents/custom-elements/-/custom-elements-1.2.4.tgz#7074543155396114617722724d6f6cb7b3800a14"
  integrity sha512-WiTlgz6/kuwajYIcgyq64rSlCtb2AvbxwwrExP3wr6rKbJ72I3hi/sb4KdGUumfC+isDn2F0btZGk4MnWpyO1Q==

ansi-regex@^2.0.0:
  version "2.1.1"
  resolved "https://registry.yarnpkg.com/ansi-regex/-/ansi-regex-2.1.1.tgz#c3b33ab5ee360d86e0e628f0468ae7ef27d654df"
  integrity sha1-w7M6te42DYbg5ijwRorn7yfWVN8=

ansi-regex@^3.0.0:
  version "3.0.0"
  resolved "https://registry.yarnpkg.com/ansi-regex/-/ansi-regex-3.0.0.tgz#ed0317c322064f79466c02966bddb605ab37d998"
  integrity sha1-7QMXwyIGT3lGbAKWa922Bas32Zg=

atoa@1.0.0:
  version "1.0.0"
  resolved "https://registry.yarnpkg.com/atoa/-/atoa-1.0.0.tgz#0cc0e91a480e738f923ebc103676471779b34a49"

camelcase@^5.0.0:
  version "5.3.1"
  resolved "https://registry.yarnpkg.com/camelcase/-/camelcase-5.3.1.tgz#e3c9b31569e106811df242f715725a1f4c494320"
  integrity sha512-L28STB170nwWS63UjtlEOE3dldQApaJXZkOI1uMFfzf3rRuPegHaHesyee+YxQ+W6SvRDQV6UrdOdRiR153wJg==

clipboard@^1.7.1:
  version "1.7.1"
  resolved "https://registry.yarnpkg.com/clipboard/-/clipboard-1.7.1.tgz#360d6d6946e99a7a1fef395e42ba92b5e9b5a16b"
  dependencies:
    good-listener "^1.2.2"
    select "^1.1.2"
    tiny-emitter "^2.0.0"

cliui@^4.0.0:
  version "4.1.0"
  resolved "https://registry.yarnpkg.com/cliui/-/cliui-4.1.0.tgz#348422dbe82d800b3022eef4f6ac10bf2e4d1b49"
  integrity sha512-4FG+RSG9DL7uEwRUZXZn3SS34DiDPfzP0VOiEwtUWlE+AR2EIg+hSyvrIgUUfhdgR/UkAeW2QHgeP+hWrXs7jQ==
  dependencies:
    string-width "^2.1.1"
    strip-ansi "^4.0.0"
    wrap-ansi "^2.0.0"

code-point-at@^1.0.0:
  version "1.1.0"
  resolved "https://registry.yarnpkg.com/code-point-at/-/code-point-at-1.1.0.tgz#0d070b4d043a5bea33a2f1a40e2edb3d9a4ccf77"
  integrity sha1-DQcLTQQ6W+ozovGkDi7bPZpMz3c=

contra@1.9.4:
  version "1.9.4"
  resolved "https://registry.yarnpkg.com/contra/-/contra-1.9.4.tgz#f53bde42d7e5b5985cae4d99a8d610526de8f28d"
  dependencies:
    atoa "1.0.0"
    ticky "1.0.1"

cross-spawn@^6.0.0:
  version "6.0.5"
  resolved "https://registry.yarnpkg.com/cross-spawn/-/cross-spawn-6.0.5.tgz#4a5ec7c64dfae22c3a14124dbacdee846d80cbc4"
  integrity sha512-eTVLrBSt7fjbDygz805pMnstIs2VTBNkRm0qxZd+M7A5XDdxVRWO5MxGBXZhjY4cqLYLdtrGqRf8mBPmzwSpWQ==
  dependencies:
    nice-try "^1.0.4"
    path-key "^2.0.1"
    semver "^5.5.0"
    shebang-command "^1.2.0"
    which "^1.2.9"

crossvent@1.5.4:
  version "1.5.4"
  resolved "https://registry.yarnpkg.com/crossvent/-/crossvent-1.5.4.tgz#da2c4f8f40c94782517bf2beec1044148194ab92"
  dependencies:
    custom-event "1.0.0"

custom-event@1.0.0:
  version "1.0.0"
  resolved "https://registry.yarnpkg.com/custom-event/-/custom-event-1.0.0.tgz#2e4628be19dc4b214b5c02630c5971e811618062"

decamelize@^1.2.0:
  version "1.2.0"
  resolved "https://registry.yarnpkg.com/decamelize/-/decamelize-1.2.0.tgz#f6534d15148269b20352e7bee26f501f9a191290"
  integrity sha1-9lNNFRSCabIDUue+4m9QH5oZEpA=

delegate@^3.1.2:
  version "3.1.3"
  resolved "https://registry.yarnpkg.com/delegate/-/delegate-3.1.3.tgz#9a8251a777d7025faa55737bc3b071742127a9fd"

details-element-polyfill@2.3.1:
  version "2.3.1"
  resolved "https://registry.yarnpkg.com/details-element-polyfill/-/details-element-polyfill-2.3.1.tgz#6af31acd454d9e3906961c35b4f1e229281c4b62"
  integrity sha512-7Gr2pBgSpeSvBGBWjMESJ7WClexq3A5/HlZ2ZVgG4OjNvTgRfCEe0+ZEfT44JymqCtHd04+pSrgYg4W6yok/6w==

dragula@3.7.1:
  version "3.7.1"
  resolved "https://registry.yarnpkg.com/dragula/-/dragula-3.7.1.tgz#c44e811dbc42dc5c654dab71c77032995144e687"
  dependencies:
    contra "1.9.4"
    crossvent "1.5.4"

end-of-stream@^1.1.0:
  version "1.4.4"
  resolved "https://registry.yarnpkg.com/end-of-stream/-/end-of-stream-1.4.4.tgz#5ae64a5f45057baf3626ec14da0ca5e4b2431eb0"
  integrity sha512-+uw1inIHVPQoaVuHzRyXd21icM+cnt4CzD5rW+NC1wjOUSTOs+Te7FOv7AhN7vS9x/oIyhLP5PR1H+phQAHu5Q==
  dependencies:
    once "^1.4.0"

execa@^1.0.0:
  version "1.0.0"
  resolved "https://registry.yarnpkg.com/execa/-/execa-1.0.0.tgz#c6236a5bb4df6d6f15e88e7f017798216749ddd8"
  integrity sha512-adbxcyWV46qiHyvSp50TKt05tB4tK3HcmF7/nxfAdhnox83seTDbwnaqKO4sXRy7roHAIFqJP/Rw/AuEbX61LA==
  dependencies:
    cross-spawn "^6.0.0"
    get-stream "^4.0.0"
    is-stream "^1.1.0"
    npm-run-path "^2.0.0"
    p-finally "^1.0.0"
    signal-exit "^3.0.0"
    strip-eof "^1.0.0"

find-up@^3.0.0:
  version "3.0.0"
  resolved "https://registry.yarnpkg.com/find-up/-/find-up-3.0.0.tgz#49169f1d7993430646da61ecc5ae355c21c97b73"
  integrity sha512-1yD6RmLI1XBfxugvORwlck6f75tYL+iR0jqwsOrOxMZyGYqUuDhJ0l4AXdO1iX/FTs9cBAMEk1gWSEx1kSbylg==
  dependencies:
    locate-path "^3.0.0"

get-caller-file@^1.0.1:
  version "1.0.3"
  resolved "https://registry.yarnpkg.com/get-caller-file/-/get-caller-file-1.0.3.tgz#f978fa4c90d1dfe7ff2d6beda2a515e713bdcf4a"
  integrity sha512-3t6rVToeoZfYSGd8YoLFR2DJkiQrIiUrGcjvFX2mDw3bn6k2OtwHN0TNCLbBO+w8qTvimhDkv+LSscbJY1vE6w==

get-stream@^4.0.0:
  version "4.1.0"
  resolved "https://registry.yarnpkg.com/get-stream/-/get-stream-4.1.0.tgz#c1b255575f3dc21d59bfc79cd3d2b46b1c3a54b5"
  integrity sha512-GMat4EJ5161kIy2HevLlr4luNjBgvmj413KaQA7jt4V8B4RDsfpHk7WQ9GVqfYyyx8OS/L66Kox+rJRNklLK7w==
  dependencies:
    pump "^3.0.0"

github-markdown-css@^3.0.1:
  version "3.0.1"
  resolved "https://registry.yarnpkg.com/github-markdown-css/-/github-markdown-css-3.0.1.tgz#d08db1060d2e182025e0d07d547cfe2afed30205"
  integrity sha512-9G5CIPsHoyk5ObDsb/H4KTi23J8KE1oDd4KYU51qwqeM+lKWAiO7abpSgCkyWswgmSKBiuE7/4f8xUz7f2qAiQ==

good-listener@^1.2.2:
  version "1.2.2"
  resolved "https://registry.yarnpkg.com/good-listener/-/good-listener-1.2.2.tgz#d53b30cdf9313dffb7dc9a0d477096aa6d145c50"
  dependencies:
    delegate "^3.1.2"

include-fragment-element@^3.0.0:
  version "3.0.0"
  resolved "https://registry.yarnpkg.com/include-fragment-element/-/include-fragment-element-3.0.0.tgz#0e9fcd616f4020a0e4e3c1b58674811f73ce40c6"

invert-kv@^2.0.0:
  version "2.0.0"
  resolved "https://registry.yarnpkg.com/invert-kv/-/invert-kv-2.0.0.tgz#7393f5afa59ec9ff5f67a27620d11c226e3eec02"
  integrity sha512-wPVv/y/QQ/Uiirj/vh3oP+1Ww+AWehmi1g5fFWGPF6IpCBCDVrhgHRMvrLfdYcwDh3QJbGXDW4JAuzxElLSqKA==

is-fullwidth-code-point@^1.0.0:
  version "1.0.0"
  resolved "https://registry.yarnpkg.com/is-fullwidth-code-point/-/is-fullwidth-code-point-1.0.0.tgz#ef9e31386f031a7f0d643af82fde50c457ef00cb"
  integrity sha1-754xOG8DGn8NZDr4L95QxFfvAMs=
  dependencies:
    number-is-nan "^1.0.0"

is-fullwidth-code-point@^2.0.0:
  version "2.0.0"
  resolved "https://registry.yarnpkg.com/is-fullwidth-code-point/-/is-fullwidth-code-point-2.0.0.tgz#a3b30a5c4f199183167aaab93beefae3ddfb654f"
  integrity sha1-o7MKXE8ZkYMWeqq5O+764937ZU8=

is-stream@^1.1.0:
  version "1.1.0"
  resolved "https://registry.yarnpkg.com/is-stream/-/is-stream-1.1.0.tgz#12d4a3dd4e68e0b79ceb8dbc84173ae80d91ca44"
  integrity sha1-EtSj3U5o4Lec6428hBc66A2RykQ=

isexe@^2.0.0:
  version "2.0.0"
  resolved "https://registry.yarnpkg.com/isexe/-/isexe-2.0.0.tgz#e8fbf374dc556ff8947a10dcb0572d633f2cfa10"
  integrity sha1-6PvzdNxVb/iUehDcsFctYz8s+hA=

"jquery-readyselector@git+https://git@github.com/Verba/jquery-readyselector.git":
  version "0.1.0"
  resolved "git+https://git@github.com/Verba/jquery-readyselector.git#8aab477cde0c02c1aa36e79a6f76c9fcab4aaa2b"

"jquery-ujs@ ~1.2.2":
  version "1.2.2"
  resolved "https://registry.yarnpkg.com/jquery-ujs/-/jquery-ujs-1.2.2.tgz#6a8ef1020e6b6dda385b90a4bddc128c21c56397"
  dependencies:
    jquery ">=1.8.0"

"jquery.turbolinks@git+https://git@github.com/kossnocorp/jquery.turbolinks#2.1.0":
  version "2.1.0"
  resolved "git+https://git@github.com/kossnocorp/jquery.turbolinks#6f336f1d3acceef95f9289129b64b00edc5709e7"

jquery@*, jquery@>=1.8.0, jquery@^3.4.1:
  version "3.4.1"
  resolved "https://registry.yarnpkg.com/jquery/-/jquery-3.4.1.tgz#714f1f8d9dde4bdfa55764ba37ef214630d80ef2"
  integrity sha512-36+AdBzCL+y6qjw5Tx7HgzeGCzC81MDDgaUP8ld2zhx58HdqXGoBd+tHdrBMiyjGQs0Hxs/MLZTu/eHNJJuWPw==

lcid@^2.0.0:
  version "2.0.0"
  resolved "https://registry.yarnpkg.com/lcid/-/lcid-2.0.0.tgz#6ef5d2df60e52f82eb228a4c373e8d1f397253cf"
  integrity sha512-avPEb8P8EGnwXKClwsNUgryVjllcRqtMYa49NTsbQagYuT1DcXnl1915oxWjoyGrXR6zH/Y0Zc96xWsPcoDKeA==
  dependencies:
    invert-kv "^2.0.0"

locate-path@^3.0.0:
  version "3.0.0"
  resolved "https://registry.yarnpkg.com/locate-path/-/locate-path-3.0.0.tgz#dbec3b3ab759758071b58fe59fc41871af21400e"
  integrity sha512-7AO748wWnIhNqAuaty2ZWHkQHRSNfPVIsPIfwEOWO22AmaoVrWavlOcMR5nzTLNYvp36X220/maaRsrec1G65A==
  dependencies:
    p-locate "^3.0.0"
    path-exists "^3.0.0"

map-age-cleaner@^0.1.1:
  version "0.1.3"
  resolved "https://registry.yarnpkg.com/map-age-cleaner/-/map-age-cleaner-0.1.3.tgz#7d583a7306434c055fe474b0f45078e6e1b4b92a"
  integrity sha512-bJzx6nMoP6PDLPBFmg7+xRKeFZvFboMrGlxmNj9ClvX53KrmvM5bXFXEWjbz4cz1AFn+jWJ9z/DJSz7hrs0w3w==
  dependencies:
    p-defer "^1.0.0"

mdn-polyfills@5.11.0:
  version "5.11.0"
  resolved "https://registry.yarnpkg.com/mdn-polyfills/-/mdn-polyfills-5.11.0.tgz#84850485966a1896a20ba531dcfa21f93971472b"
  integrity sha512-0TpXrw/kpNFAiwoz/Lk5JwQoULoPPvE5BQheuR1/CnJgznpmZPNiInMFC6MTgZJaC/B5y2Ci66xP4nd0zpHvfQ==

mem@^4.0.0:
  version "4.3.0"
  resolved "https://registry.yarnpkg.com/mem/-/mem-4.3.0.tgz#461af497bc4ae09608cdb2e60eefb69bff744178"
  integrity sha512-qX2bG48pTqYRVmDB37rn/6PT7LcR8T7oAX3bf99u1Tt1nzxYfxkgqDwUwolPlXweM0XzBOBFzSx4kfp7KP1s/w==
  dependencies:
    map-age-cleaner "^0.1.1"
    mimic-fn "^2.0.0"
    p-is-promise "^2.0.0"

mimic-fn@^2.0.0:
  version "2.1.0"
  resolved "https://registry.yarnpkg.com/mimic-fn/-/mimic-fn-2.1.0.tgz#7ed2c2ccccaf84d3ffcb7a69b57711fc2083401b"
  integrity sha512-OqbOk5oEQeAZ8WXWydlu9HJjz9WVdEIvamMCcXmuqUYjTknH/sqsWvhQ3vgwKFRR1HpjvNBKQ37nbJgYzGqGcg==

nice-try@^1.0.4:
  version "1.0.5"
  resolved "https://registry.yarnpkg.com/nice-try/-/nice-try-1.0.5.tgz#a3378a7696ce7d223e88fc9b764bd7ef1089e366"
  integrity sha512-1nh45deeb5olNY7eX82BkPO7SSxR5SSYJiPTrTdFUVYwAl8CKMA5N9PjTYkHiRjisVcxcQ1HXdLhx2qxxJzLNQ==

npm-run-path@^2.0.0:
  version "2.0.2"
  resolved "https://registry.yarnpkg.com/npm-run-path/-/npm-run-path-2.0.2.tgz#35a9232dfa35d7067b4cb2ddf2357b1871536c5f"
  integrity sha1-NakjLfo11wZ7TLLd8jV7GHFTbF8=
  dependencies:
    path-key "^2.0.0"

number-is-nan@^1.0.0:
  version "1.0.1"
  resolved "https://registry.yarnpkg.com/number-is-nan/-/number-is-nan-1.0.1.tgz#097b602b53422a522c1afb8790318336941a011d"
  integrity sha1-CXtgK1NCKlIsGvuHkDGDNpQaAR0=

once@^1.3.1, once@^1.4.0:
  version "1.4.0"
  resolved "https://registry.yarnpkg.com/once/-/once-1.4.0.tgz#583b1aa775961d4b113ac17d9c50baef9dd76bd1"
  integrity sha1-WDsap3WWHUsROsF9nFC6753Xa9E=
  dependencies:
    wrappy "1"

os-locale@^3.0.0:
  version "3.1.0"
  resolved "https://registry.yarnpkg.com/os-locale/-/os-locale-3.1.0.tgz#a802a6ee17f24c10483ab9935719cef4ed16bf1a"
  integrity sha512-Z8l3R4wYWM40/52Z+S265okfFj8Kt2cC2MKY+xNi3kFs+XGI7WXu/I309QQQYbRW4ijiZ+yxs9pqEhJh0DqW3Q==
  dependencies:
    execa "^1.0.0"
    lcid "^2.0.0"
    mem "^4.0.0"

p-defer@^1.0.0:
  version "1.0.0"
  resolved "https://registry.yarnpkg.com/p-defer/-/p-defer-1.0.0.tgz#9f6eb182f6c9aa8cd743004a7d4f96b196b0fb0c"
  integrity sha1-n26xgvbJqozXQwBKfU+WsZaw+ww=

p-finally@^1.0.0:
  version "1.0.0"
  resolved "https://registry.yarnpkg.com/p-finally/-/p-finally-1.0.0.tgz#3fbcfb15b899a44123b34b6dcc18b724336a2cae"
  integrity sha1-P7z7FbiZpEEjs0ttzBi3JDNqLK4=

p-is-promise@^2.0.0:
  version "2.1.0"
  resolved "https://registry.yarnpkg.com/p-is-promise/-/p-is-promise-2.1.0.tgz#918cebaea248a62cf7ffab8e3bca8c5f882fc42e"
  integrity sha512-Y3W0wlRPK8ZMRbNq97l4M5otioeA5lm1z7bkNkxCka8HSPjR0xRWmpCmc9utiaLP9Jb1eD8BgeIxTW4AIF45Pg==

p-limit@^2.0.0:
  version "2.2.1"
  resolved "https://registry.yarnpkg.com/p-limit/-/p-limit-2.2.1.tgz#aa07a788cc3151c939b5131f63570f0dd2009537"
  integrity sha512-85Tk+90UCVWvbDavCLKPOLC9vvY8OwEX/RtKF+/1OADJMVlFfEHOiMTPVyxg7mk/dKa+ipdHm0OUkTvCpMTuwg==
  dependencies:
    p-try "^2.0.0"

p-locate@^3.0.0:
  version "3.0.0"
  resolved "https://registry.yarnpkg.com/p-locate/-/p-locate-3.0.0.tgz#322d69a05c0264b25997d9f40cd8a891ab0064a4"
  integrity sha512-x+12w/To+4GFfgJhBEpiDcLozRJGegY+Ei7/z0tSLkMmxGZNybVMSfWj9aJn8Z5Fc7dBUNJOOVgPv2H7IwulSQ==
  dependencies:
    p-limit "^2.0.0"

p-try@^2.0.0:
  version "2.2.0"
  resolved "https://registry.yarnpkg.com/p-try/-/p-try-2.2.0.tgz#cb2868540e313d61de58fafbe35ce9004d5540e6"
  integrity sha512-R4nPAVTAU0B9D35/Gk3uJf/7XYbQcyohSKdvAxIRSNghFl4e71hVoGnBNQz9cWaXxO2I10KTC+3jMdvvoKw6dQ==

path-exists@^3.0.0:
  version "3.0.0"
  resolved "https://registry.yarnpkg.com/path-exists/-/path-exists-3.0.0.tgz#ce0ebeaa5f78cb18925ea7d810d7b59b010fd515"
  integrity sha1-zg6+ql94yxiSXqfYENe1mwEP1RU=

path-key@^2.0.0, path-key@^2.0.1:
  version "2.0.1"
  resolved "https://registry.yarnpkg.com/path-key/-/path-key-2.0.1.tgz#411cadb574c5a140d3a4b1910d40d80cc9f40b40"
  integrity sha1-QRyttXTFoUDTpLGRDUDYDMn0C0A=

primer-alerts@1.5.13:
  version "1.5.13"
  resolved "https://registry.yarnpkg.com/primer-alerts/-/primer-alerts-1.5.13.tgz#59678486296d733f88f94e8998868f43847f60a6"
  integrity sha512-RmpYBKhpclKD9doGnH0ehLKZOS25amEkgC3Cwtq8Utxq2BJieeSuVbDcTTPL3ktFA9wez1mxR2vk2CCF3Rl9oQ==
  dependencies:
    primer-support "4.7.2"

primer-avatars@1.5.10:
  version "1.5.10"
  resolved "https://registry.yarnpkg.com/primer-avatars/-/primer-avatars-1.5.10.tgz#cdf5ceeeb36cea9aaae53a7267517f0e9e94d36d"
  integrity sha512-gn5JO8AHlTvR2z15mDBJsVpMfs3eNoT60fNSF/N+ixFNRCfe4CIgHO8S3R1iCB6MpmkMxsPT38HNkiFUCyKN7w==
  dependencies:
    primer-support "4.7.2"

primer-base@1.9.2:
  version "1.9.2"
  resolved "https://registry.yarnpkg.com/primer-base/-/primer-base-1.9.2.tgz#3fa7fa362a39df8f0700f9169ffe58761134e451"
  integrity sha512-KgZP0cGq0rdgyK5ozw7UbyqG52o0sbzAfRP3iEeoRhDwCJ3X0XaHeCINty7QhcIzWCccXkdamMe/P6HBwWM12g==
  dependencies:
    primer-support "4.7.2"

primer-blankslate@1.5.2:
  version "1.5.2"
  resolved "https://registry.yarnpkg.com/primer-blankslate/-/primer-blankslate-1.5.2.tgz#7357854a653b1d5784cf43c8193580e9c3bca116"
  integrity sha512-7raUk+G/FSvU3S7TmJchLw7zkepLOh3F523eWRdMwR5N1DAhCm4VqgehXO1kDCbMj5tuBGfZ6FQ2OzFF0LPOIw==
  dependencies:
    primer-support "4.7.2"

primer-box@2.5.13:
  version "2.5.13"
  resolved "https://registry.yarnpkg.com/primer-box/-/primer-box-2.5.13.tgz#126216f3b18bd51679aa5f055a9ef373cd326f5d"
  integrity sha512-ZNZ8TFU05gqZx1oSk6DVdjACOOPsdJZqn0qYBcfsEu+AQQiKJ7HVH8pgODlH5tqj8Ihtoz3Q1CxCmrZhVnjnbA==
  dependencies:
    primer-support "4.7.2"

primer-branch-name@1.0.11:
  version "1.0.11"
  resolved "https://registry.yarnpkg.com/primer-branch-name/-/primer-branch-name-1.0.11.tgz#16db3743a6c564baee585842a3194ad32e16f0fe"
  integrity sha512-zhLcTVn7zXmHkz57KQcgzc8I7mMHdL2R5VfGpIrHHJqxT3t4SDNbW4g+o3Ap85hnU1sxTXvAWGBAgzAHw0zmCA==
  dependencies:
    primer-support "4.7.2"

primer-breadcrumb@1.5.9:
  version "1.5.9"
  resolved "https://registry.yarnpkg.com/primer-breadcrumb/-/primer-breadcrumb-1.5.9.tgz#24c557c925e9cf29f551a0ff2622f4abb1d7c22c"
  integrity sha512-A2+rm3Gi2vk4LYr8yWrNwYNc2i59gcnfAGyT/QJ7G66R0kLD8M3rIPDw2vmRY5LagTvZ8KnY6wRwc5GSSKVBDQ==
  dependencies:
    primer-support "4.7.2"

primer-buttons@2.6.4:
  version "2.6.4"
  resolved "https://registry.yarnpkg.com/primer-buttons/-/primer-buttons-2.6.4.tgz#7c86c4610b56cf6af5f0e0ecccdbe1329077733d"
  integrity sha512-6+wFjXKGk76qZmUrnUTXm8Zo6viiNlcGcSSiW89OeAW2qkHHlTvyMqoKwExg8nGNFbLIGxhvqb9V++nx20Pq1Q==
  dependencies:
    primer-support "4.7.2"

primer-core@6.10.9:
  version "6.10.9"
  resolved "https://registry.yarnpkg.com/primer-core/-/primer-core-6.10.9.tgz#80a6bb4ab2b19750c39de052fd587416a76e7223"
  integrity sha512-OJmJzhjw4UXXU/IzH3JoJL6KGHfWep8G8t+EHNGIJVHBsrGQYylp5iEcsPuHLDQVpKbOtuj3Rqg3ef53ei2R5A==
  dependencies:
    primer-base "1.9.2"
    primer-box "2.5.13"
    primer-breadcrumb "1.5.9"
    primer-buttons "2.6.4"
    primer-forms "2.1.8"
    primer-layout "1.6.2"
    primer-navigation "1.5.11"
    primer-pagination "1.0.7"
    primer-support "4.7.2"
    primer-table-object "1.4.13"
    primer-tooltips "1.5.11"
    primer-truncate "1.4.13"
    primer-utilities "4.14.4"

primer-forms@2.1.8:
  version "2.1.8"
  resolved "https://registry.yarnpkg.com/primer-forms/-/primer-forms-2.1.8.tgz#6bc9f0bb3e58e2df36c23b0ae894584c0aac27da"
  integrity sha512-bAobB7DUWphIjdcXfPD6CPWwvWBp5hbH65seO0OT+KkYbCLrDZCeFxLfRs9u1LyYN07DJR/vf4k8wom0Bksr4A==
  dependencies:
    primer-support "4.7.2"

primer-labels@1.5.13:
  version "1.5.13"
  resolved "https://registry.yarnpkg.com/primer-labels/-/primer-labels-1.5.13.tgz#c4d51da3bbf3c2419943bd7ce5a0a836deab9d77"
  integrity sha512-fy74yluNWsAxl+gXQeCel0Wi0zrFFr6DDXp4HIkghTPLhVed9H/oCNiELWcoAM1NxxmJCUR34GAW1ASL/hqlKA==
  dependencies:
    primer-support "4.7.2"

primer-layout@1.6.2:
  version "1.6.2"
  resolved "https://registry.yarnpkg.com/primer-layout/-/primer-layout-1.6.2.tgz#41eff77f2571fe5f5d8709dd4c5e6963604d3a41"
  integrity sha512-Ov/g9GiAaKhRAXku2wxsTlmJXhQPAjWpCwibJ+Ooxu0X8n6BA52y/ScZUPFdde+vZYhbFGFQwozU8y2bzuw3dg==
  dependencies:
    primer-support "4.7.2"

primer-markdown@3.7.13:
  version "3.7.13"
  resolved "https://registry.yarnpkg.com/primer-markdown/-/primer-markdown-3.7.13.tgz#257e11cc72dc38283627bb0f42d211fcbc67b1c1"
  integrity sha512-8GficlbmQ8GIFDzsD9JiFdlgAdeZR66sZa1CTBYbu26osM55/8NyTM7cobRId/MT6uutpRu0J8LlQ2sYuNAIng==
  dependencies:
    primer-support "4.7.2"

primer-marketing-buttons@1.0.13:
  version "1.0.13"
  resolved "https://registry.yarnpkg.com/primer-marketing-buttons/-/primer-marketing-buttons-1.0.13.tgz#578fe8682650a4211b952afd7b10c10e8b1b0f3b"
  integrity sha512-1MzzrG/68zaEcQypG50uELwQ4MHH9b8aTy3jXxayZRc1qvZaLh5SEcSIHWe5lMIZk8qrtYhr22py9+kibyTKIQ==
  dependencies:
    primer-support "4.7.2"

primer-marketing-support@1.5.6:
  version "1.5.6"
  resolved "https://registry.yarnpkg.com/primer-marketing-support/-/primer-marketing-support-1.5.6.tgz#db127e18a92b20f9591b334a5841d73f90e0ae6c"
  integrity sha512-YU8ein52s/W+s4a4hHZZJbHURfz2FLI5ItrUxqaqJjcT0O2bALP/JbuCZDrbvWxuOSK4kbF22ANmmMGWFIzp/Q==

primer-marketing-type@1.4.13:
  version "1.4.13"
  resolved "https://registry.yarnpkg.com/primer-marketing-type/-/primer-marketing-type-1.4.13.tgz#2a7bba4e900818d492aa2c8a732c4d0363850c19"
  integrity sha512-ke6l3zgc4mF5ArDzZB1TJ5VHbZG2/uwekVROLQOK4v7XI0MkYZWA9tI+k8UhaFLSsw0vGqxM2ibKUzsQH61C8g==
  dependencies:
    primer-marketing-support "1.5.6"
    primer-support "4.7.2"

primer-marketing-utilities@1.7.3:
  version "1.7.3"
  resolved "https://registry.yarnpkg.com/primer-marketing-utilities/-/primer-marketing-utilities-1.7.3.tgz#7ae93ceb10aa21e5efd94edee70bb66152e90929"
  integrity sha512-YYDPgyC0G65tPHwZ6ktxfEAqUkJlU2sZjzdcH7thlcg83/UqiZfgmgiiBAxdMjrACY7Q2X9HaHicr5F4rmPhPw==
  dependencies:
    primer-marketing-support "1.5.6"
    primer-support "4.7.2"

primer-marketing@6.3.3:
  version "6.3.3"
  resolved "https://registry.yarnpkg.com/primer-marketing/-/primer-marketing-6.3.3.tgz#8091d51aec5e65e60309958c08fd5030c6fe4879"
  integrity sha512-vmR/YkOlFnQVQSxluXe5lbkH+B7Z2tirgCDGVp+SD9Zs+FJ6YRELmw6cjm0okVkH9205qcMvy9INOunkhKrktw==
  dependencies:
    primer-marketing-buttons "1.0.13"
    primer-marketing-support "1.5.6"
    primer-marketing-type "1.4.13"
    primer-marketing-utilities "1.7.3"
    primer-page-headers "1.5.3"
    primer-page-sections "1.5.3"
    primer-support "4.7.2"
    primer-tables "1.5.3"

primer-navigation@1.5.11:
  version "1.5.11"
  resolved "https://registry.yarnpkg.com/primer-navigation/-/primer-navigation-1.5.11.tgz#7ba220bf81ef53bfc53f216beed05d4c8cadcfe2"
  integrity sha512-Fykn/zuJX8z8kEIkzxnbwZhbCbYbuQF7Iv+03yzBeesOfN4VaQKgpTtaAXW26NB1BjOo3omrhVivYoejTFXbuw==
  dependencies:
    primer-support "4.7.2"

primer-page-headers@1.5.3:
  version "1.5.3"
  resolved "https://registry.yarnpkg.com/primer-page-headers/-/primer-page-headers-1.5.3.tgz#ddd942cdd57473db9d30a9fdd872ae920838cb42"
  integrity sha512-SVgAnr1jz/8qNhr+LsQayHGGICi1pCfBJV2R+zhcooDJC29ddSoTW+LpwvBj1P68c7sJfaMPRmlcq0hUGGG/Pw==
  dependencies:
    primer-marketing-support "1.5.6"
    primer-support "4.7.2"

primer-page-sections@1.5.3:
  version "1.5.3"
  resolved "https://registry.yarnpkg.com/primer-page-sections/-/primer-page-sections-1.5.3.tgz#111848f87429f5e66d8535ca40c5d601243a83fa"
  integrity sha512-xaj6v+v3FvaSMVFDZAYsrObkvOviPwxYZt0rrkMeoyhrMVG2uB3nD3Kmu3st9UbwobdXjMTSKPkKBcarckwhuw==
  dependencies:
    primer-marketing-support "1.5.6"
    primer-support "4.7.2"

primer-pagination@1.0.7:
  version "1.0.7"
  resolved "https://registry.yarnpkg.com/primer-pagination/-/primer-pagination-1.0.7.tgz#4e0f389eec8851c9c53ef044b513d4cf02b4065d"
  integrity sha512-c0Vmc3ZYspn+JdY6nmH626c+bxkuJLToYueksEMOrET4da05xwnC8dF7v6fh7UlBZ+qNArf+SsFWqXJPW5C8IA==
  dependencies:
    primer-support "4.7.2"

primer-popover@0.1.8:
  version "0.1.8"
  resolved "https://registry.yarnpkg.com/primer-popover/-/primer-popover-0.1.8.tgz#b1d5ce1923c7d4a0c6a97b6a08568aaddaf77d89"
  integrity sha512-9v07joxBbnoY7bbdyGmuqqmRyVdAwm94Ek0SSuJXFX93UDtWQsgl4/61ko57WOZw2U7A3nMfY4uISIw+VPh2Lg==
  dependencies:
    primer-support "4.7.2"

primer-product@5.8.3:
  version "5.8.3"
  resolved "https://registry.yarnpkg.com/primer-product/-/primer-product-5.8.3.tgz#5a88a8ba3900a28a05bc437b7ff50ff9acdc9488"
  integrity sha512-PhB7L0xclE1wwrv+o7TFvKV2LCwPn8znjGSjxgj4wB+X9JIbUEmVL8my6iL/FrLogOfzdk7ykZozDBNSW2OL+A==
  dependencies:
    primer-alerts "1.5.13"
    primer-avatars "1.5.10"
    primer-blankslate "1.5.2"
    primer-branch-name "1.0.11"
    primer-labels "1.5.13"
    primer-markdown "3.7.13"
    primer-popover "0.1.8"
    primer-progress "0.1.3"
    primer-subhead "1.0.11"
    primer-support "4.7.2"

primer-progress@0.1.3:
  version "0.1.3"
  resolved "https://registry.yarnpkg.com/primer-progress/-/primer-progress-0.1.3.tgz#ab61c83a84c3b5e73bc6b65d53a932e413831499"
  integrity sha512-F9e3D9P/jP8Y5EuASS0czcB0P62v4AhuTdJZHZTYL1hMP3kpbQaUjMYf4QjekxxJgDY4Rf8X3ewkVlvnvjg5ug==
  dependencies:
    primer-support "4.7.2"

primer-subhead@1.0.11:
  version "1.0.11"
  resolved "https://registry.yarnpkg.com/primer-subhead/-/primer-subhead-1.0.11.tgz#0890a8792ff6b47cee29482334e0d831eda273cf"
  integrity sha512-YDazpiTs4UMQaWYBRr3HWn5Ac1bRhhZUPxdYzbfQapZWL2XOLqgDF4Xvshmd29v6smmno5/Mel8WNXePXx9JyA==
  dependencies:
    primer-support "4.7.2"

primer-support@4.7.2:
  version "4.7.2"
  resolved "https://registry.yarnpkg.com/primer-support/-/primer-support-4.7.2.tgz#7c0e19361144ace2ecf2640793c8746855390185"
  integrity sha512-WbfjjITtGV6iXQeaVPL+AzHj1Jv9RHJRp7kIu5ebFXwolWmCqTBpA/8VmWmssyeTfv8zR7iuCoT0UoBF+uGHww==

primer-table-object@1.4.13:
  version "1.4.13"
  resolved "https://registry.yarnpkg.com/primer-table-object/-/primer-table-object-1.4.13.tgz#acb394f14db69b4d2900147492d353ea4ebf3052"
  integrity sha512-JoU/T1aubSg3cvEXh5K95X63W5bJLFlvDflVWMc8QJKiHBPmICH7yccsGI+ybhEUnd7MUD+BEXKgQwM+Iinv5g==
  dependencies:
    primer-support "4.7.2"

primer-tables@1.5.3:
  version "1.5.3"
  resolved "https://registry.yarnpkg.com/primer-tables/-/primer-tables-1.5.3.tgz#7c598a9a2d2291b02df50134c076ff4e08091a4f"
  integrity sha512-ZTBG2qQvE9qKI8N7sdN39F8y5sckDRSFR4JkTVQqujrXwoK7kGeqdNXirKFSuzSyW9MnBt02tOTQ65xC0xl3sg==
  dependencies:
    primer-marketing-support "1.5.6"
    primer-support "4.7.2"

primer-tooltips@1.5.11:
  version "1.5.11"
  resolved "https://registry.yarnpkg.com/primer-tooltips/-/primer-tooltips-1.5.11.tgz#35b583de25008433b443b7b9063825e145fa4cbb"
  integrity sha512-r0C4gnzg8hChoKVU5hC+e7BlKM3gkO+W8L1o91RCDiguN9S0u/yo3DQwlVL68igvAP34NEYzchsZ82BkQkd1Dg==
  dependencies:
    primer-support "4.7.2"

primer-truncate@1.4.13:
  version "1.4.13"
  resolved "https://registry.yarnpkg.com/primer-truncate/-/primer-truncate-1.4.13.tgz#e8b763cec0547b413947b3a8aaa5ce72b9469489"
  integrity sha512-/3saQDL8n77nGJ7zMT05PKTKeMTFrR2QVjZsD5XnOblMiglND95ozOKef0sDcyrgR7fv+qLMXr56+QS/FWFSsw==
  dependencies:
    primer-support "4.7.2"

primer-utilities@4.14.4:
  version "4.14.4"
  resolved "https://registry.yarnpkg.com/primer-utilities/-/primer-utilities-4.14.4.tgz#642d8df36fc35b3c34b1442ff8684864d44a073d"
  integrity sha512-EEZxsp/bjY4jkTqDeVJfWI/df55icDhFDGylX59VeiSVudIgUUe5G1VqtgGJIXgqnkiLf5u+iaOSayFvxqhTrg==
  dependencies:
    primer-support "4.7.2"

primer@^10.10.4:
  version "10.10.5"
  resolved "https://registry.yarnpkg.com/primer/-/primer-10.10.5.tgz#de2201180df50877b8017de7be369653c9eff2ca"
  integrity sha512-iJjmOomFef/W+oBtwo4U+o2MwCL00z+4XM7ixRP5kJ3Fgc9QEhVW7IPv3DWhqRlbPrMhF68ytM+AFRcHHT8rEA==
  dependencies:
    primer-alerts "1.5.13"
    primer-avatars "1.5.10"
    primer-base "1.9.2"
    primer-blankslate "1.5.2"
    primer-box "2.5.13"
    primer-branch-name "1.0.11"
    primer-breadcrumb "1.5.9"
    primer-buttons "2.6.4"
    primer-core "6.10.9"
    primer-forms "2.1.8"
    primer-labels "1.5.13"
    primer-layout "1.6.2"
    primer-markdown "3.7.13"
    primer-marketing "6.3.3"
    primer-marketing-buttons "1.0.13"
    primer-marketing-support "1.5.6"
    primer-marketing-type "1.4.13"
    primer-marketing-utilities "1.7.3"
    primer-navigation "1.5.11"
    primer-page-headers "1.5.3"
    primer-page-sections "1.5.3"
    primer-pagination "1.0.7"
    primer-popover "0.1.8"
    primer-product "5.8.3"
    primer-progress "0.1.3"
    primer-subhead "1.0.11"
    primer-support "4.7.2"
    primer-table-object "1.4.13"
    primer-tables "1.5.3"
    primer-tooltips "1.5.11"
    primer-truncate "1.4.13"
    primer-utilities "4.14.4"

pump@^3.0.0:
  version "3.0.0"
  resolved "https://registry.yarnpkg.com/pump/-/pump-3.0.0.tgz#b4a2116815bde2f4e1ea602354e8c75565107a64"
  integrity sha512-LwZy+p3SFs1Pytd/jYct4wpv49HiYCqd9Rlc5ZVdk0V+8Yzv6jR5Blk3TRmPL1ft69TxP0IMZGJ+WPFU2BFhww==
  dependencies:
    end-of-stream "^1.1.0"
    once "^1.3.1"

rails-ujs@^5.1.1:
  version "5.1.2"
  resolved "https://registry.yarnpkg.com/rails-ujs/-/rails-ujs-5.1.2.tgz#94919e35e7fa07467223e9c81444704593559ef5"

remodal@^1.1.1:
  version "1.1.1"
  resolved "https://registry.yarnpkg.com/remodal/-/remodal-1.1.1.tgz#00f580b09417b2b7e7a425b17327ec10f3d596c3"
  integrity sha1-APWAsJQXsrfnpCWxcyfsEPPVlsM=
  dependencies:
    jquery "*"

require-directory@^2.1.1:
  version "2.1.1"
  resolved "https://registry.yarnpkg.com/require-directory/-/require-directory-2.1.1.tgz#8c64ad5fd30dab1c976e2344ffe7f792a6a6df42"
  integrity sha1-jGStX9MNqxyXbiNE/+f3kqam30I=

require-main-filename@^1.0.1:
  version "1.0.1"
  resolved "https://registry.yarnpkg.com/require-main-filename/-/require-main-filename-1.0.1.tgz#97f717b69d48784f5f526a6c5aa8ffdda055a4d1"
  integrity sha1-l/cXtp1IeE9fUmpsWqj/3aBVpNE=

select@^1.1.2:
  version "1.1.2"
  resolved "https://registry.yarnpkg.com/select/-/select-1.1.2.tgz#0e7350acdec80b1108528786ec1d4418d11b396d"

semver@^5.5.0:
  version "5.7.1"
  resolved "https://registry.yarnpkg.com/semver/-/semver-5.7.1.tgz#a954f931aeba508d307bbf069eff0c01c96116f7"
  integrity sha512-sauaDf/PZdVgrLTNYHRtpXa1iRiKcaebiKQ1BJdpQlWH2lCvexQdX55snPFyK7QzpudqbCI0qXFfOasHdyNDGQ==

set-blocking@^2.0.0:
  version "2.0.0"
  resolved "https://registry.yarnpkg.com/set-blocking/-/set-blocking-2.0.0.tgz#045f9782d011ae9a6803ddd382b24392b3d890f7"
  integrity sha1-BF+XgtARrppoA93TgrJDkrPYkPc=

shebang-command@^1.2.0:
  version "1.2.0"
  resolved "https://registry.yarnpkg.com/shebang-command/-/shebang-command-1.2.0.tgz#44aac65b695b03398968c39f363fee5deafdf1ea"
  integrity sha1-RKrGW2lbAzmJaMOfNj/uXer98eo=
  dependencies:
    shebang-regex "^1.0.0"

shebang-regex@^1.0.0:
  version "1.0.0"
  resolved "https://registry.yarnpkg.com/shebang-regex/-/shebang-regex-1.0.0.tgz#da42f49740c0b42db2ca9728571cb190c98efea3"
  integrity sha1-2kL0l0DAtC2yypcoVxyxkMmO/qM=

signal-exit@^3.0.0:
  version "3.0.2"
  resolved "https://registry.yarnpkg.com/signal-exit/-/signal-exit-3.0.2.tgz#b5fdc08f1287ea1178628e415e25132b73646c6d"
  integrity sha1-tf3AjxKH6hF4Yo5BXiUTK3NkbG0=

string-width@^1.0.1:
  version "1.0.2"
  resolved "https://registry.yarnpkg.com/string-width/-/string-width-1.0.2.tgz#118bdf5b8cdc51a2a7e70d211e07e2b0b9b107d3"
  integrity sha1-EYvfW4zcUaKn5w0hHgfisLmxB9M=
  dependencies:
    code-point-at "^1.0.0"
    is-fullwidth-code-point "^1.0.0"
    strip-ansi "^3.0.0"

string-width@^2.0.0, string-width@^2.1.1:
  version "2.1.1"
  resolved "https://registry.yarnpkg.com/string-width/-/string-width-2.1.1.tgz#ab93f27a8dc13d28cac815c462143a6d9012ae9e"
  integrity sha512-nOqH59deCq9SRHlxq1Aw85Jnt4w6KvLKqWVik6oA9ZklXLNIOlqg4F2yrT1MVaTjAqvVwdfeZ7w7aCvJD7ugkw==
  dependencies:
    is-fullwidth-code-point "^2.0.0"
    strip-ansi "^4.0.0"

strip-ansi@^3.0.0, strip-ansi@^3.0.1:
  version "3.0.1"
  resolved "https://registry.yarnpkg.com/strip-ansi/-/strip-ansi-3.0.1.tgz#6a385fb8853d952d5ff05d0e8aaf94278dc63dcf"
  integrity sha1-ajhfuIU9lS1f8F0Oiq+UJ43GPc8=
  dependencies:
    ansi-regex "^2.0.0"

strip-ansi@^4.0.0:
  version "4.0.0"
  resolved "https://registry.yarnpkg.com/strip-ansi/-/strip-ansi-4.0.0.tgz#a8479022eb1ac368a871389b635262c505ee368f"
  integrity sha1-qEeQIusaw2iocTibY1JixQXuNo8=
  dependencies:
    ansi-regex "^3.0.0"

strip-eof@^1.0.0:
  version "1.0.0"
  resolved "https://registry.yarnpkg.com/strip-eof/-/strip-eof-1.0.0.tgz#bb43ff5598a6eb05d89b59fcd129c983313606bf"
  integrity sha1-u0P/VZim6wXYm1n80SnJgzE2Br8=

ticky@1.0.1:
  version "1.0.1"
  resolved "https://registry.yarnpkg.com/ticky/-/ticky-1.0.1.tgz#b7cfa71e768f1c9000c497b9151b30947c50e46d"

tiny-emitter@^2.0.0:
  version "2.0.1"
  resolved "https://registry.yarnpkg.com/tiny-emitter/-/tiny-emitter-2.0.1.tgz#e65919d91e488e2a78f7ebe827a56c6b188d51af"

transliteration@^1.6.2:
  version "1.6.6"
  resolved "https://registry.yarnpkg.com/transliteration/-/transliteration-1.6.6.tgz#8a7e8ab3044ad19f233f50c15894cbf69e5d205e"
  integrity sha1-in6KswRK0Z8jP1DBWJTL9p5dIF4=
  dependencies:
    yargs "^12.0.1"

webcomponents.js@^0.7.24:
  version "0.7.24"
  resolved "https://registry.yarnpkg.com/webcomponents.js/-/webcomponents.js-0.7.24.tgz#2116fbfa1468ec416a7befdaa333e1d118f69c04"

whatwg-fetch@^2.0.3:
  version "2.0.3"
  resolved "https://registry.yarnpkg.com/whatwg-fetch/-/whatwg-fetch-2.0.3.tgz#9c84ec2dcf68187ff00bc64e1274b442176e1c84"

which-module@^2.0.0:
  version "2.0.0"
  resolved "https://registry.yarnpkg.com/which-module/-/which-module-2.0.0.tgz#d9ef07dce77b9902b8a3a8fa4b31c3e3f7e6e87a"
  integrity sha1-2e8H3Od7mQK4o6j6SzHD4/fm6Ho=

which@^1.2.9:
  version "1.3.1"
  resolved "https://registry.yarnpkg.com/which/-/which-1.3.1.tgz#a45043d54f5805316da8d62f9f50918d3da70b0a"
  integrity sha512-HxJdYWq1MTIQbJ3nw0cqssHoTNU267KlrDuGZ1WYlxDStUtKUhOaJmh112/TZmHxxUfuJqPXSOm7tDyas0OSIQ==
  dependencies:
    isexe "^2.0.0"

wrap-ansi@^2.0.0:
  version "2.1.0"
  resolved "https://registry.yarnpkg.com/wrap-ansi/-/wrap-ansi-2.1.0.tgz#d8fc3d284dd05794fe84973caecdd1cf824fdd85"
  integrity sha1-2Pw9KE3QV5T+hJc8rs3Rz4JP3YU=
  dependencies:
    string-width "^1.0.1"
    strip-ansi "^3.0.1"

wrappy@1:
  version "1.0.2"
  resolved "https://registry.yarnpkg.com/wrappy/-/wrappy-1.0.2.tgz#b5243d8f3ec1aa35f1364605bc0d1036e30ab69f"
  integrity sha1-tSQ9jz7BqjXxNkYFvA0QNuMKtp8=

"y18n@^3.2.1 || ^4.0.0":
  version "4.0.0"
  resolved "https://registry.yarnpkg.com/y18n/-/y18n-4.0.0.tgz#95ef94f85ecc81d007c264e190a120f0a3c8566b"
  integrity sha512-r9S/ZyXu/Xu9q1tYlpsLIsa3EeLXXk0VwlxqTcFRfg9EhMW+17kbt9G0NrgCmhGb5vT2hyhJZLfDGx+7+5Uj/w==

yargs-parser@^11.1.1:
  version "11.1.1"
  resolved "https://registry.yarnpkg.com/yargs-parser/-/yargs-parser-11.1.1.tgz#879a0865973bca9f6bab5cbdf3b1c67ec7d3bcf4"
  integrity sha512-C6kB/WJDiaxONLJQnF8ccx9SEeoTTLek8RVbaOIsrAUS8VrBEXfmeSnCZxygc+XC2sNMBIwOOnfcxiynjHsVSQ==
  dependencies:
    camelcase "^5.0.0"
    decamelize "^1.2.0"

yargs@^12.0.1:
  version "12.0.5"
  resolved "https://registry.yarnpkg.com/yargs/-/yargs-12.0.5.tgz#05f5997b609647b64f66b81e3b4b10a368e7ad13"
  integrity sha512-Lhz8TLaYnxq/2ObqHDql8dX8CJi97oHxrjUcYtzKbbykPtVW9WB+poxI+NM2UIzsMgNCZTIf0AQwsjK5yMAqZw==
  dependencies:
    cliui "^4.0.0"
    decamelize "^1.2.0"
    find-up "^3.0.0"
    get-caller-file "^1.0.1"
    os-locale "^3.0.0"
    require-directory "^2.1.1"
    require-main-filename "^1.0.1"
    set-blocking "^2.0.0"
    string-width "^2.0.0"
    which-module "^2.0.0"
    y18n "^3.2.1 || ^4.0.0"
    yargs-parser "^11.1.1"
