# THIS IS AN AUTOGENERATED FILE. DO NOT EDIT THIS FILE DIRECTLY.
# yarn lockfile v1


ansi-regex@^2.0.0:
  version "2.1.1"
  resolved "https://registry.yarnpkg.com/ansi-regex/-/ansi-regex-2.1.1.tgz#c3b33ab5ee360d86e0e628f0468ae7ef27d654df"

ansi-regex@^3.0.0:
  version "3.0.0"
  resolved "https://registry.yarnpkg.com/ansi-regex/-/ansi-regex-3.0.0.tgz#ed0317c322064f79466c02966bddb605ab37d998"

atoa@1.0.0:
  version "1.0.0"
  resolved "https://registry.yarnpkg.com/atoa/-/atoa-1.0.0.tgz#0cc0e91a480e738f923ebc103676471779b34a49"

builtin-modules@^1.0.0:
  version "1.1.1"
  resolved "https://registry.yarnpkg.com/builtin-modules/-/builtin-modules-1.1.1.tgz#270f076c5a72c02f5b65a47df94c5fe3a278892f"

camelcase@^4.1.0:
  version "4.1.0"
  resolved "https://registry.yarnpkg.com/camelcase/-/camelcase-4.1.0.tgz#d545635be1e33c542649c69173e5de6acfae34dd"

clipboard@^1.7.1:
  version "1.7.1"
  resolved "https://registry.yarnpkg.com/clipboard/-/clipboard-1.7.1.tgz#360d6d6946e99a7a1fef395e42ba92b5e9b5a16b"
  dependencies:
    good-listener "^1.2.2"
    select "^1.1.2"
    tiny-emitter "^2.0.0"

cliui@^3.2.0:
  version "3.2.0"
  resolved "https://registry.yarnpkg.com/cliui/-/cliui-3.2.0.tgz#120601537a916d29940f934da3b48d585a39213d"
  dependencies:
    string-width "^1.0.1"
    strip-ansi "^3.0.1"
    wrap-ansi "^2.0.0"

code-point-at@^1.0.0:
  version "1.1.0"
  resolved "https://registry.yarnpkg.com/code-point-at/-/code-point-at-1.1.0.tgz#0d070b4d043a5bea33a2f1a40e2edb3d9a4ccf77"

contra@1.9.4:
  version "1.9.4"
  resolved "https://registry.yarnpkg.com/contra/-/contra-1.9.4.tgz#f53bde42d7e5b5985cae4d99a8d610526de8f28d"
  dependencies:
    atoa "1.0.0"
    ticky "1.0.1"

cross-spawn@^4.0.0:
  version "4.0.2"
  resolved "https://registry.yarnpkg.com/cross-spawn/-/cross-spawn-4.0.2.tgz#7b9247621c23adfdd3856004a823cbe397424d41"
  dependencies:
    lru-cache "^4.0.1"
    which "^1.2.9"

crossvent@1.5.4:
  version "1.5.4"
  resolved "https://registry.yarnpkg.com/crossvent/-/crossvent-1.5.4.tgz#da2c4f8f40c94782517bf2beec1044148194ab92"
  dependencies:
    custom-event "1.0.0"

custom-event@1.0.0:
  version "1.0.0"
  resolved "https://registry.yarnpkg.com/custom-event/-/custom-event-1.0.0.tgz#2e4628be19dc4b214b5c02630c5971e811618062"

decamelize@^1.1.1:
  version "1.2.0"
  resolved "https://registry.yarnpkg.com/decamelize/-/decamelize-1.2.0.tgz#f6534d15148269b20352e7bee26f501f9a191290"

delegate@^3.1.2:
  version "3.1.3"
  resolved "https://registry.yarnpkg.com/delegate/-/delegate-3.1.3.tgz#9a8251a777d7025faa55737bc3b071742127a9fd"

dragula@3.7.1:
  version "3.7.1"
  resolved "https://registry.yarnpkg.com/dragula/-/dragula-3.7.1.tgz#c44e811dbc42dc5c654dab71c77032995144e687"
  dependencies:
    contra "1.9.4"
    crossvent "1.5.4"

error-ex@^1.2.0:
  version "1.3.1"
  resolved "https://registry.yarnpkg.com/error-ex/-/error-ex-1.3.1.tgz#f855a86ce61adc4e8621c3cda21e7a7612c3a8dc"
  dependencies:
    is-arrayish "^0.2.1"

execa@^0.5.0:
  version "0.5.1"
  resolved "https://registry.yarnpkg.com/execa/-/execa-0.5.1.tgz#de3fb85cb8d6e91c85bcbceb164581785cb57b36"
  dependencies:
    cross-spawn "^4.0.0"
    get-stream "^2.2.0"
    is-stream "^1.1.0"
    npm-run-path "^2.0.0"
    p-finally "^1.0.0"
    signal-exit "^3.0.0"
    strip-eof "^1.0.0"

find-up@^2.0.0:
  version "2.1.0"
  resolved "https://registry.yarnpkg.com/find-up/-/find-up-2.1.0.tgz#45d1b7e506c717ddd482775a2b77920a3c0c57a7"
  dependencies:
    locate-path "^2.0.0"

get-caller-file@^1.0.1:
  version "1.0.2"
  resolved "https://registry.yarnpkg.com/get-caller-file/-/get-caller-file-1.0.2.tgz#f702e63127e7e231c160a80c1554acb70d5047e5"

get-stream@^2.2.0:
  version "2.3.1"
  resolved "https://registry.yarnpkg.com/get-stream/-/get-stream-2.3.1.tgz#5f38f93f346009666ee0150a054167f91bdd95de"
  dependencies:
    object-assign "^4.0.1"
    pinkie-promise "^2.0.0"

good-listener@^1.2.2:
  version "1.2.2"
  resolved "https://registry.yarnpkg.com/good-listener/-/good-listener-1.2.2.tgz#d53b30cdf9313dffb7dc9a0d477096aa6d145c50"
  dependencies:
    delegate "^3.1.2"

graceful-fs@^4.1.2:
  version "4.1.11"
  resolved "https://registry.yarnpkg.com/graceful-fs/-/graceful-fs-4.1.11.tgz#0e8bdfe4d1ddb8854d64e04ea7c00e2a026e5658"

hosted-git-info@^2.1.4:
  version "2.5.0"
  resolved "https://registry.yarnpkg.com/hosted-git-info/-/hosted-git-info-2.5.0.tgz#6d60e34b3abbc8313062c3b798ef8d901a07af3c"

include-fragment-element@^3.0.0:
  version "3.0.0"
  resolved "https://registry.yarnpkg.com/include-fragment-element/-/include-fragment-element-3.0.0.tgz#0e9fcd616f4020a0e4e3c1b58674811f73ce40c6"

invert-kv@^1.0.0:
  version "1.0.0"
  resolved "https://registry.yarnpkg.com/invert-kv/-/invert-kv-1.0.0.tgz#104a8e4aaca6d3d8cd157a8ef8bfab2d7a3ffdb6"

is-arrayish@^0.2.1:
  version "0.2.1"
  resolved "https://registry.yarnpkg.com/is-arrayish/-/is-arrayish-0.2.1.tgz#77c99840527aa8ecb1a8ba697b80645a7a926a9d"

is-builtin-module@^1.0.0:
  version "1.0.0"
  resolved "https://registry.yarnpkg.com/is-builtin-module/-/is-builtin-module-1.0.0.tgz#540572d34f7ac3119f8f76c30cbc1b1e037affbe"
  dependencies:
    builtin-modules "^1.0.0"

is-fullwidth-code-point@^1.0.0:
  version "1.0.0"
  resolved "https://registry.yarnpkg.com/is-fullwidth-code-point/-/is-fullwidth-code-point-1.0.0.tgz#ef9e31386f031a7f0d643af82fde50c457ef00cb"
  dependencies:
    number-is-nan "^1.0.0"

is-fullwidth-code-point@^2.0.0:
  version "2.0.0"
  resolved "https://registry.yarnpkg.com/is-fullwidth-code-point/-/is-fullwidth-code-point-2.0.0.tgz#a3b30a5c4f199183167aaab93beefae3ddfb654f"

is-stream@^1.1.0:
  version "1.1.0"
  resolved "https://registry.yarnpkg.com/is-stream/-/is-stream-1.1.0.tgz#12d4a3dd4e68e0b79ceb8dbc84173ae80d91ca44"

isexe@^2.0.0:
  version "2.0.0"
  resolved "https://registry.yarnpkg.com/isexe/-/isexe-2.0.0.tgz#e8fbf374dc556ff8947a10dcb0572d633f2cfa10"

"jquery-readyselector@git+https://git@github.com/Verba/jquery-readyselector.git":
  version "0.1.0"
  resolved "git+https://git@github.com/Verba/jquery-readyselector.git#8aab477cde0c02c1aa36e79a6f76c9fcab4aaa2b"

"jquery-ujs@ ~1.2.2":
  version "1.2.2"
  resolved "https://registry.yarnpkg.com/jquery-ujs/-/jquery-ujs-1.2.2.tgz#6a8ef1020e6b6dda385b90a4bddc128c21c56397"
  dependencies:
    jquery ">=1.8.0"

"jquery.turbolinks@git+https://git@github.com/kossnocorp/jquery.turbolinks#2.1.0":
  version "2.1.0"
  resolved "git+https://git@github.com/kossnocorp/jquery.turbolinks#6f336f1d3acceef95f9289129b64b00edc5709e7"

jquery@*, jquery@>=1.8.0, jquery@^3.2.1:
  version "3.2.1"
  resolved "https://registry.yarnpkg.com/jquery/-/jquery-3.2.1.tgz#5c4d9de652af6cd0a770154a631bba12b015c787"

lcid@^1.0.0:
  version "1.0.0"
  resolved "https://registry.yarnpkg.com/lcid/-/lcid-1.0.0.tgz#308accafa0bc483a3867b4b6f2b9506251d1b835"
  dependencies:
    invert-kv "^1.0.0"

load-json-file@^2.0.0:
  version "2.0.0"
  resolved "https://registry.yarnpkg.com/load-json-file/-/load-json-file-2.0.0.tgz#7947e42149af80d696cbf797bcaabcfe1fe29ca8"
  dependencies:
    graceful-fs "^4.1.2"
    parse-json "^2.2.0"
    pify "^2.0.0"
    strip-bom "^3.0.0"

locate-path@^2.0.0:
  version "2.0.0"
  resolved "https://registry.yarnpkg.com/locate-path/-/locate-path-2.0.0.tgz#2b568b265eec944c6d9c0de9c3dbbbca0354cd8e"
  dependencies:
    p-locate "^2.0.0"
    path-exists "^3.0.0"

lru-cache@^4.0.1:
  version "4.1.1"
  resolved "https://registry.yarnpkg.com/lru-cache/-/lru-cache-4.1.1.tgz#622e32e82488b49279114a4f9ecf45e7cd6bba55"
  dependencies:
    pseudomap "^1.0.2"
    yallist "^2.1.2"

mem@^1.1.0:
  version "1.1.0"
  resolved "https://registry.yarnpkg.com/mem/-/mem-1.1.0.tgz#5edd52b485ca1d900fe64895505399a0dfa45f76"
  dependencies:
    mimic-fn "^1.0.0"

mimic-fn@^1.0.0:
  version "1.1.0"
  resolved "https://registry.yarnpkg.com/mimic-fn/-/mimic-fn-1.1.0.tgz#e667783d92e89dbd342818b5230b9d62a672ad18"

normalize-package-data@^2.3.2:
  version "2.4.0"
  resolved "https://registry.yarnpkg.com/normalize-package-data/-/normalize-package-data-2.4.0.tgz#12f95a307d58352075a04907b84ac8be98ac012f"
  dependencies:
    hosted-git-info "^2.1.4"
    is-builtin-module "^1.0.0"
    semver "2 || 3 || 4 || 5"
    validate-npm-package-license "^3.0.1"

npm-run-path@^2.0.0:
  version "2.0.2"
  resolved "https://registry.yarnpkg.com/npm-run-path/-/npm-run-path-2.0.2.tgz#35a9232dfa35d7067b4cb2ddf2357b1871536c5f"
  dependencies:
    path-key "^2.0.0"

number-is-nan@^1.0.0:
  version "1.0.1"
  resolved "https://registry.yarnpkg.com/number-is-nan/-/number-is-nan-1.0.1.tgz#097b602b53422a522c1afb8790318336941a011d"

object-assign@^4.0.1:
  version "4.1.1"
  resolved "https://registry.yarnpkg.com/object-assign/-/object-assign-4.1.1.tgz#2109adc7965887cfc05cbbd442cac8bfbb360863"

os-locale@^2.0.0:
  version "2.0.0"
  resolved "https://registry.yarnpkg.com/os-locale/-/os-locale-2.0.0.tgz#15918ded510522b81ee7ae5a309d54f639fc39a4"
  dependencies:
    execa "^0.5.0"
    lcid "^1.0.0"
    mem "^1.1.0"

p-finally@^1.0.0:
  version "1.0.0"
  resolved "https://registry.yarnpkg.com/p-finally/-/p-finally-1.0.0.tgz#3fbcfb15b899a44123b34b6dcc18b724336a2cae"

p-limit@^1.1.0:
  version "1.1.0"
  resolved "https://registry.yarnpkg.com/p-limit/-/p-limit-1.1.0.tgz#b07ff2d9a5d88bec806035895a2bab66a27988bc"

p-locate@^2.0.0:
  version "2.0.0"
  resolved "https://registry.yarnpkg.com/p-locate/-/p-locate-2.0.0.tgz#20a0103b222a70c8fd39cc2e580680f3dde5ec43"
  dependencies:
    p-limit "^1.1.0"

parse-json@^2.2.0:
  version "2.2.0"
  resolved "https://registry.yarnpkg.com/parse-json/-/parse-json-2.2.0.tgz#f480f40434ef80741f8469099f8dea18f55a4dc9"
  dependencies:
    error-ex "^1.2.0"

path-exists@^3.0.0:
  version "3.0.0"
  resolved "https://registry.yarnpkg.com/path-exists/-/path-exists-3.0.0.tgz#ce0ebeaa5f78cb18925ea7d810d7b59b010fd515"

path-key@^2.0.0:
  version "2.0.1"
  resolved "https://registry.yarnpkg.com/path-key/-/path-key-2.0.1.tgz#411cadb574c5a140d3a4b1910d40d80cc9f40b40"

path-type@^2.0.0:
  version "2.0.0"
  resolved "https://registry.yarnpkg.com/path-type/-/path-type-2.0.0.tgz#f012ccb8415b7096fc2daa1054c3d72389594c73"
  dependencies:
    pify "^2.0.0"

pify@^2.0.0:
  version "2.3.0"
  resolved "https://registry.yarnpkg.com/pify/-/pify-2.3.0.tgz#ed141a6ac043a849ea588498e7dca8b15330e90c"

pinkie-promise@^2.0.0:
  version "2.0.1"
  resolved "https://registry.yarnpkg.com/pinkie-promise/-/pinkie-promise-2.0.1.tgz#2135d6dfa7a358c069ac9b178776288228450ffa"
  dependencies:
    pinkie "^2.0.0"

pinkie@^2.0.0:
  version "2.0.4"
  resolved "https://registry.yarnpkg.com/pinkie/-/pinkie-2.0.4.tgz#72556b80cfa0d48a974e80e77248e80ed4f7f870"

primer-alerts@^1.1.7:
  version "1.1.7"
  resolved "https://registry.yarnpkg.com/primer-alerts/-/primer-alerts-1.1.7.tgz#22585d938fdff02b6d22ce603ddfb1967329a88a"
  dependencies:
    primer-support "^4.0.6"

primer-avatars@^1.0.1:
  version "1.0.1"
  resolved "https://registry.yarnpkg.com/primer-avatars/-/primer-avatars-1.0.1.tgz#33d6670eb656a46716aec2b49079eca1d2a1ff93"
  dependencies:
    primer-support "^4.0.6"

primer-base@^0.4.0:
  version "0.4.2"
  resolved "https://registry.yarnpkg.com/primer-base/-/primer-base-0.4.2.tgz#10bea7bdd454c447b1ed6e801595f3888b30f01f"
  dependencies:
    primer-support "*"

primer-blankslate@^1.0.1:
  version "1.0.1"
  resolved "https://registry.yarnpkg.com/primer-blankslate/-/primer-blankslate-1.0.1.tgz#7de263f82eeb432d108d441fbf2324d7624041bc"
  dependencies:
    primer-support "^4.0.6"

primer-box@^2.1.7:
  version "2.1.7"
  resolved "https://registry.yarnpkg.com/primer-box/-/primer-box-2.1.7.tgz#04b719d5ebe6a7080f59581bf7bf754c94d57342"
  dependencies:
    primer-support "^4.0.6"

primer-breadcrumb@^1.0.1:
  version "1.0.1"
  resolved "https://registry.yarnpkg.com/primer-breadcrumb/-/primer-breadcrumb-1.0.1.tgz#d0ef69d2f1de4ce9d4dd93c7c059954506dc0ee4"
  dependencies:
    primer-marketing-support "^1.0.1"
    primer-support "^4.0.6"

primer-buttons@^2.0.5:
  version "2.0.5"
  resolved "https://registry.yarnpkg.com/primer-buttons/-/primer-buttons-2.0.5.tgz#0bdec1f102dffb23eff112971f29e0d836a30288"
  dependencies:
    primer-support "^4.0.6"

primer-cards@^0.1.7:
  version "0.1.7"
  resolved "https://registry.yarnpkg.com/primer-cards/-/primer-cards-0.1.7.tgz#9a6eac6d53bd3de2b45f3956a012b3f637fb2b7a"
  dependencies:
    primer-marketing-support "^1.0.1"
    primer-support "^4.0.6"

primer-core@^5.0.1:
  version "5.0.1"
  resolved "https://registry.yarnpkg.com/primer-core/-/primer-core-5.0.1.tgz#4d9abf5ae477b3b049afbfe51bbf18a4003fd0cb"
  dependencies:
    primer-base "^0.4.0"
    primer-box "^2.1.7"
    primer-buttons "^2.0.5"
    primer-forms "^1.0.12"
    primer-layout "^1.0.4"
    primer-navigation "^1.0.5"
    primer-support "^4.0.6"
    primer-table-object "^1.0.8"
    primer-tooltips "^1.0.1"
    primer-truncate "^1.0.1"
    primer-utilities "^4.3.4"

primer-css@^8.0.0:
  version "8.0.0"
  resolved "https://registry.yarnpkg.com/primer-css/-/primer-css-8.0.0.tgz#e5762dabf7fad925f30978bbbc588f3bd466ae5f"
  dependencies:
    primer-alerts "^1.1.7"
    primer-avatars "^1.0.1"
    primer-base "^0.4.0"
    primer-blankslate "^1.0.1"
    primer-box "^2.1.7"
    primer-breadcrumb "^1.0.1"
    primer-buttons "^2.0.5"
    primer-cards "^0.1.7"
    primer-core "^5.0.1"
    primer-forms "^1.0.12"
    primer-labels "^1.1.5"
    primer-layout "^1.0.4"
    primer-markdown "^3.3.12"
    primer-marketing "^5.0.1"
    primer-marketing-support "^1.0.1"
    primer-marketing-type "^1.0.1"
    primer-marketing-utilities "^1.0.1"
    primer-navigation "^1.0.5"
    primer-page-headers "^1.0.1"
    primer-page-sections "^1.0.1"
    primer-product "^5.0.1"
    primer-support "^4.0.6"
    primer-table-object "^1.0.8"
    primer-tables "^1.0.1"
    primer-tooltips "^1.0.1"
    primer-truncate "^1.0.1"
    primer-utilities "^4.3.4"

primer-forms@^1.0.12:
  version "1.0.12"
  resolved "https://registry.yarnpkg.com/primer-forms/-/primer-forms-1.0.12.tgz#01b98f50885272fa8b787e204337983e57f7f015"
  dependencies:
    primer-support "^4.0.6"

primer-labels@^1.1.5:
  version "1.1.5"
  resolved "https://registry.yarnpkg.com/primer-labels/-/primer-labels-1.1.5.tgz#1752b9dfa952ee66276046e221dd5e10a0f8be99"
  dependencies:
    primer-support "^4.0.6"

primer-layout@^1.0.4:
  version "1.0.4"
  resolved "https://registry.yarnpkg.com/primer-layout/-/primer-layout-1.0.4.tgz#ef7d277fed5b4e4ee37584ab67a4a0b8b661cdd2"
  dependencies:
    primer-support "^4.0.6"

primer-markdown@^3.3.12:
  version "3.3.12"
  resolved "https://registry.yarnpkg.com/primer-markdown/-/primer-markdown-3.3.12.tgz#68de88600edc49d28727afeee32e0effc1ca2afe"
  dependencies:
    primer-support "^4.0.6"

primer-marketing-support@^1.0.1:
  version "1.0.1"
  resolved "https://registry.yarnpkg.com/primer-marketing-support/-/primer-marketing-support-1.0.1.tgz#68bd8d11636f7342483590e4ea65eef5ee74370e"

primer-marketing-type@^1.0.1:
  version "1.0.1"
  resolved "https://registry.yarnpkg.com/primer-marketing-type/-/primer-marketing-type-1.0.1.tgz#58c57fba54de27a2912b79821cb29d52cc94a55d"
  dependencies:
    primer-marketing-support "^1.0.1"
    primer-support "^4.0.6"

primer-marketing-utilities@^1.0.1:
  version "1.0.1"
  resolved "https://registry.yarnpkg.com/primer-marketing-utilities/-/primer-marketing-utilities-1.0.1.tgz#482fbcf19f9b81f7d289b26ee43bcc94d563856e"
  dependencies:
    primer-marketing-support "^1.0.1"
    primer-support "^4.0.6"

primer-marketing@^5.0.1:
  version "5.0.1"
  resolved "https://registry.yarnpkg.com/primer-marketing/-/primer-marketing-5.0.1.tgz#27eaf4ebb279c755e8642de1be1bbe189a683e7a"
  dependencies:
    primer-breadcrumb "^1.0.1"
    primer-cards "^0.1.7"
    primer-marketing-support "^1.0.1"
    primer-marketing-type "^1.0.1"
    primer-marketing-utilities "^1.0.1"
    primer-page-headers "^1.0.1"
    primer-page-sections "^1.0.1"
    primer-support "^4.0.6"
    primer-tables "^1.0.1"

primer-navigation@^1.0.5:
  version "1.0.5"
  resolved "https://registry.yarnpkg.com/primer-navigation/-/primer-navigation-1.0.5.tgz#e87b0386f1636624d275bd55650b3b1d476b050f"
  dependencies:
    primer-support "^4.0.6"

primer-page-headers@^1.0.1:
  version "1.0.1"
  resolved "https://registry.yarnpkg.com/primer-page-headers/-/primer-page-headers-1.0.1.tgz#e32e15cfb6a2c49bb99f1cd71c3ca04e817a0f77"
  dependencies:
    primer-marketing-support "^1.0.1"
    primer-support "^4.0.6"

primer-page-sections@^1.0.1:
  version "1.0.1"
  resolved "https://registry.yarnpkg.com/primer-page-sections/-/primer-page-sections-1.0.1.tgz#0f42a7c9ce8fe12ac8abd21d4d3a1321414359e9"
  dependencies:
    primer-marketing-support "^1.0.1"
    primer-support "^4.0.6"

primer-product@^5.0.1:
  version "5.0.1"
  resolved "https://registry.yarnpkg.com/primer-product/-/primer-product-5.0.1.tgz#a9c79500830abef2a9e40260e15b52d7e3ea86e4"
  dependencies:
    primer-alerts "^1.1.7"
    primer-avatars "^1.0.1"
    primer-blankslate "^1.0.1"
    primer-labels "^1.1.5"
    primer-markdown "^3.3.12"
    primer-support "^4.0.6"

primer-support@*, primer-support@^4.0.6:
  version "4.0.6"
  resolved "https://registry.yarnpkg.com/primer-support/-/primer-support-4.0.6.tgz#80f3bf1ceb63fda1cf2fdbcea09b632c812e1d54"

primer-table-object@^1.0.8:
  version "1.0.8"
  resolved "https://registry.yarnpkg.com/primer-table-object/-/primer-table-object-1.0.8.tgz#1c1614bd68f6ad872e5d344470fb34d8382db15f"
  dependencies:
    primer-support "^4.0.6"

primer-tables@^1.0.1:
  version "1.0.1"
  resolved "https://registry.yarnpkg.com/primer-tables/-/primer-tables-1.0.1.tgz#cd2364576b3a7b13534804f124536e61fc078464"
  dependencies:
    primer-marketing-support "^1.0.1"
    primer-support "^4.0.6"

primer-tooltips@^1.0.1:
  version "1.0.1"
  resolved "https://registry.yarnpkg.com/primer-tooltips/-/primer-tooltips-1.0.1.tgz#0692af6ac2aa17346421bedc2832014b267754df"
  dependencies:
    primer-support "^4.0.6"

primer-truncate@^1.0.1:
  version "1.0.1"
  resolved "https://registry.yarnpkg.com/primer-truncate/-/primer-truncate-1.0.1.tgz#36b96206b11bc90d4428b8ea90f9a53b1a92abcf"
  dependencies:
    primer-support "^4.0.6"

primer-utilities@^4.3.4:
  version "4.3.4"
  resolved "https://registry.yarnpkg.com/primer-utilities/-/primer-utilities-4.3.4.tgz#ffc89bd99eaf6924d5904fe30081170c6c855008"
  dependencies:
    primer-support "^4.0.6"

pseudomap@^1.0.2:
  version "1.0.2"
  resolved "https://registry.yarnpkg.com/pseudomap/-/pseudomap-1.0.2.tgz#f052a28da70e618917ef0a8ac34c1ae5a68286b3"

rails-ujs@^5.1.1:
  version "5.1.2"
  resolved "https://registry.yarnpkg.com/rails-ujs/-/rails-ujs-5.1.2.tgz#94919e35e7fa07467223e9c81444704593559ef5"

read-pkg-up@^2.0.0:
  version "2.0.0"
  resolved "https://registry.yarnpkg.com/read-pkg-up/-/read-pkg-up-2.0.0.tgz#6b72a8048984e0c41e79510fd5e9fa99b3b549be"
  dependencies:
    find-up "^2.0.0"
    read-pkg "^2.0.0"

read-pkg@^2.0.0:
  version "2.0.0"
  resolved "https://registry.yarnpkg.com/read-pkg/-/read-pkg-2.0.0.tgz#8ef1c0623c6a6db0dc6713c4bfac46332b2368f8"
  dependencies:
    load-json-file "^2.0.0"
    normalize-package-data "^2.3.2"
    path-type "^2.0.0"

remodal@^1.1.1:
  version "1.1.1"
  resolved "https://registry.yarnpkg.com/remodal/-/remodal-1.1.1.tgz#00f580b09417b2b7e7a425b17327ec10f3d596c3"
  dependencies:
    jquery "*"

require-directory@^2.1.1:
  version "2.1.1"
  resolved "https://registry.yarnpkg.com/require-directory/-/require-directory-2.1.1.tgz#8c64ad5fd30dab1c976e2344ffe7f792a6a6df42"

require-main-filename@^1.0.1:
  version "1.0.1"
  resolved "https://registry.yarnpkg.com/require-main-filename/-/require-main-filename-1.0.1.tgz#97f717b69d48784f5f526a6c5aa8ffdda055a4d1"

select@^1.1.2:
  version "1.1.2"
  resolved "https://registry.yarnpkg.com/select/-/select-1.1.2.tgz#0e7350acdec80b1108528786ec1d4418d11b396d"

"semver@2 || 3 || 4 || 5":
  version "5.3.0"
  resolved "https://registry.yarnpkg.com/semver/-/semver-5.3.0.tgz#9b2ce5d3de02d17c6012ad326aa6b4d0cf54f94f"

set-blocking@^2.0.0:
  version "2.0.0"
  resolved "https://registry.yarnpkg.com/set-blocking/-/set-blocking-2.0.0.tgz#045f9782d011ae9a6803ddd382b24392b3d890f7"

signal-exit@^3.0.0:
  version "3.0.2"
  resolved "https://registry.yarnpkg.com/signal-exit/-/signal-exit-3.0.2.tgz#b5fdc08f1287ea1178628e415e25132b73646c6d"

spdx-correct@~1.0.0:
  version "1.0.2"
  resolved "https://registry.yarnpkg.com/spdx-correct/-/spdx-correct-1.0.2.tgz#4b3073d933ff51f3912f03ac5519498a4150db40"
  dependencies:
    spdx-license-ids "^1.0.2"

spdx-expression-parse@~1.0.0:
  version "1.0.4"
  resolved "https://registry.yarnpkg.com/spdx-expression-parse/-/spdx-expression-parse-1.0.4.tgz#9bdf2f20e1f40ed447fbe273266191fced51626c"

spdx-license-ids@^1.0.2:
  version "1.2.2"
  resolved "https://registry.yarnpkg.com/spdx-license-ids/-/spdx-license-ids-1.2.2.tgz#c9df7a3424594ade6bd11900d596696dc06bac57"

string-width@^1.0.1:
  version "1.0.2"
  resolved "https://registry.yarnpkg.com/string-width/-/string-width-1.0.2.tgz#118bdf5b8cdc51a2a7e70d211e07e2b0b9b107d3"
  dependencies:
    code-point-at "^1.0.0"
    is-fullwidth-code-point "^1.0.0"
    strip-ansi "^3.0.0"

string-width@^2.0.0:
  version "2.1.0"
  resolved "https://registry.yarnpkg.com/string-width/-/string-width-2.1.0.tgz#030664561fc146c9423ec7d978fe2457437fe6d0"
  dependencies:
    is-fullwidth-code-point "^2.0.0"
    strip-ansi "^4.0.0"

strip-ansi@^3.0.0, strip-ansi@^3.0.1:
  version "3.0.1"
  resolved "https://registry.yarnpkg.com/strip-ansi/-/strip-ansi-3.0.1.tgz#6a385fb8853d952d5ff05d0e8aaf94278dc63dcf"
  dependencies:
    ansi-regex "^2.0.0"

strip-ansi@^4.0.0:
  version "4.0.0"
  resolved "https://registry.yarnpkg.com/strip-ansi/-/strip-ansi-4.0.0.tgz#a8479022eb1ac368a871389b635262c505ee368f"
  dependencies:
    ansi-regex "^3.0.0"

strip-bom@^3.0.0:
  version "3.0.0"
  resolved "https://registry.yarnpkg.com/strip-bom/-/strip-bom-3.0.0.tgz#2334c18e9c759f7bdd56fdef7e9ae3d588e68ed3"

strip-eof@^1.0.0:
  version "1.0.0"
  resolved "https://registry.yarnpkg.com/strip-eof/-/strip-eof-1.0.0.tgz#bb43ff5598a6eb05d89b59fcd129c983313606bf"

ticky@1.0.1:
  version "1.0.1"
  resolved "https://registry.yarnpkg.com/ticky/-/ticky-1.0.1.tgz#b7cfa71e768f1c9000c497b9151b30947c50e46d"

tiny-emitter@^2.0.0:
  version "2.0.1"
  resolved "https://registry.yarnpkg.com/tiny-emitter/-/tiny-emitter-2.0.1.tgz#e65919d91e488e2a78f7ebe827a56c6b188d51af"

transliteration@^1.6.2:
  version "1.6.2"
  resolved "https://registry.yarnpkg.com/transliteration/-/transliteration-1.6.2.tgz#335c91bf70f3b211bb81e8d03992b2078c0dac96"
  dependencies:
    yargs "^8.0.1"

validate-npm-package-license@^3.0.1:
  version "3.0.1"
  resolved "https://registry.yarnpkg.com/validate-npm-package-license/-/validate-npm-package-license-3.0.1.tgz#2804babe712ad3379459acfbe24746ab2c303fbc"
  dependencies:
    spdx-correct "~1.0.0"
    spdx-expression-parse "~1.0.0"

webcomponents.js@^0.7.24:
  version "0.7.24"
  resolved "https://registry.yarnpkg.com/webcomponents.js/-/webcomponents.js-0.7.24.tgz#2116fbfa1468ec416a7befdaa333e1d118f69c04"

whatwg-fetch@^2.0.3:
  version "2.0.3"
  resolved "https://registry.yarnpkg.com/whatwg-fetch/-/whatwg-fetch-2.0.3.tgz#9c84ec2dcf68187ff00bc64e1274b442176e1c84"

which-module@^2.0.0:
  version "2.0.0"
  resolved "https://registry.yarnpkg.com/which-module/-/which-module-2.0.0.tgz#d9ef07dce77b9902b8a3a8fa4b31c3e3f7e6e87a"

which@^1.2.9:
  version "1.2.14"
  resolved "https://registry.yarnpkg.com/which/-/which-1.2.14.tgz#9a87c4378f03e827cecaf1acdf56c736c01c14e5"
  dependencies:
    isexe "^2.0.0"

wrap-ansi@^2.0.0:
  version "2.1.0"
  resolved "https://registry.yarnpkg.com/wrap-ansi/-/wrap-ansi-2.1.0.tgz#d8fc3d284dd05794fe84973caecdd1cf824fdd85"
  dependencies:
    string-width "^1.0.1"
    strip-ansi "^3.0.1"

y18n@^3.2.1:
  version "3.2.1"
  resolved "https://registry.yarnpkg.com/y18n/-/y18n-3.2.1.tgz#6d15fba884c08679c0d77e88e7759e811e07fa41"

yallist@^2.1.2:
  version "2.1.2"
  resolved "https://registry.yarnpkg.com/yallist/-/yallist-2.1.2.tgz#1c11f9218f076089a47dd512f93c6699a6a81d52"

yargs-parser@^7.0.0:
  version "7.0.0"
  resolved "https://registry.yarnpkg.com/yargs-parser/-/yargs-parser-7.0.0.tgz#8d0ac42f16ea55debd332caf4c4038b3e3f5dfd9"
  dependencies:
    camelcase "^4.1.0"

yargs@^8.0.1:
  version "8.0.2"
  resolved "https://registry.yarnpkg.com/yargs/-/yargs-8.0.2.tgz#6299a9055b1cefc969ff7e79c1d918dceb22c360"
  dependencies:
    camelcase "^4.1.0"
    cliui "^3.2.0"
    decamelize "^1.1.1"
    get-caller-file "^1.0.1"
    os-locale "^2.0.0"
    read-pkg-up "^2.0.0"
    require-directory "^2.1.1"
    require-main-filename "^1.0.1"
    set-blocking "^2.0.0"
    string-width "^2.0.0"
    which-module "^2.0.0"
    y18n "^3.2.1"
    yargs-parser "^7.0.0"
