# THIS IS AN AUTOGENERATED FILE. DO NOT EDIT THIS FILE DIRECTLY.
# yarn lockfile v1


ansi-regex@^2.0.0:
  version "2.1.1"
  resolved "https://registry.yarnpkg.com/ansi-regex/-/ansi-regex-2.1.1.tgz#c3b33ab5ee360d86e0e628f0468ae7ef27d654df"

ansi-regex@^3.0.0:
  version "3.0.0"
  resolved "https://registry.yarnpkg.com/ansi-regex/-/ansi-regex-3.0.0.tgz#ed0317c322064f79466c02966bddb605ab37d998"

atoa@1.0.0:
  version "1.0.0"
  resolved "https://registry.yarnpkg.com/atoa/-/atoa-1.0.0.tgz#0cc0e91a480e738f923ebc103676471779b34a49"

builtin-modules@^1.0.0:
  version "1.1.1"
  resolved "https://registry.yarnpkg.com/builtin-modules/-/builtin-modules-1.1.1.tgz#270f076c5a72c02f5b65a47df94c5fe3a278892f"

camelcase@^4.1.0:
  version "4.1.0"
  resolved "https://registry.yarnpkg.com/camelcase/-/camelcase-4.1.0.tgz#d545635be1e33c542649c69173e5de6acfae34dd"

clipboard@^1.7.1:
  version "1.7.1"
  resolved "https://registry.yarnpkg.com/clipboard/-/clipboard-1.7.1.tgz#360d6d6946e99a7a1fef395e42ba92b5e9b5a16b"
  dependencies:
    good-listener "^1.2.2"
    select "^1.1.2"
    tiny-emitter "^2.0.0"

cliui@^3.2.0:
  version "3.2.0"
  resolved "https://registry.yarnpkg.com/cliui/-/cliui-3.2.0.tgz#120601537a916d29940f934da3b48d585a39213d"
  dependencies:
    string-width "^1.0.1"
    strip-ansi "^3.0.1"
    wrap-ansi "^2.0.0"

code-point-at@^1.0.0:
  version "1.1.0"
  resolved "https://registry.yarnpkg.com/code-point-at/-/code-point-at-1.1.0.tgz#0d070b4d043a5bea33a2f1a40e2edb3d9a4ccf77"

contra@1.9.4:
  version "1.9.4"
  resolved "https://registry.yarnpkg.com/contra/-/contra-1.9.4.tgz#f53bde42d7e5b5985cae4d99a8d610526de8f28d"
  dependencies:
    atoa "1.0.0"
    ticky "1.0.1"

cross-spawn@^4.0.0:
  version "4.0.2"
  resolved "https://registry.yarnpkg.com/cross-spawn/-/cross-spawn-4.0.2.tgz#7b9247621c23adfdd3856004a823cbe397424d41"
  dependencies:
    lru-cache "^4.0.1"
    which "^1.2.9"

crossvent@1.5.4:
  version "1.5.4"
  resolved "https://registry.yarnpkg.com/crossvent/-/crossvent-1.5.4.tgz#da2c4f8f40c94782517bf2beec1044148194ab92"
  dependencies:
    custom-event "1.0.0"

custom-event@1.0.0:
  version "1.0.0"
  resolved "https://registry.yarnpkg.com/custom-event/-/custom-event-1.0.0.tgz#2e4628be19dc4b214b5c02630c5971e811618062"

decamelize@^1.1.1:
  version "1.2.0"
  resolved "https://registry.yarnpkg.com/decamelize/-/decamelize-1.2.0.tgz#f6534d15148269b20352e7bee26f501f9a191290"

delegate@^3.1.2:
  version "3.1.3"
  resolved "https://registry.yarnpkg.com/delegate/-/delegate-3.1.3.tgz#9a8251a777d7025faa55737bc3b071742127a9fd"

dragula@3.7.1:
  version "3.7.1"
  resolved "https://registry.yarnpkg.com/dragula/-/dragula-3.7.1.tgz#c44e811dbc42dc5c654dab71c77032995144e687"
  dependencies:
    contra "1.9.4"
    crossvent "1.5.4"

error-ex@^1.2.0:
  version "1.3.1"
  resolved "https://registry.yarnpkg.com/error-ex/-/error-ex-1.3.1.tgz#f855a86ce61adc4e8621c3cda21e7a7612c3a8dc"
  dependencies:
    is-arrayish "^0.2.1"

execa@^0.5.0:
  version "0.5.1"
  resolved "https://registry.yarnpkg.com/execa/-/execa-0.5.1.tgz#de3fb85cb8d6e91c85bcbceb164581785cb57b36"
  dependencies:
    cross-spawn "^4.0.0"
    get-stream "^2.2.0"
    is-stream "^1.1.0"
    npm-run-path "^2.0.0"
    p-finally "^1.0.0"
    signal-exit "^3.0.0"
    strip-eof "^1.0.0"

find-up@^2.0.0:
  version "2.1.0"
  resolved "https://registry.yarnpkg.com/find-up/-/find-up-2.1.0.tgz#45d1b7e506c717ddd482775a2b77920a3c0c57a7"
  dependencies:
    locate-path "^2.0.0"

get-caller-file@^1.0.1:
  version "1.0.2"
  resolved "https://registry.yarnpkg.com/get-caller-file/-/get-caller-file-1.0.2.tgz#f702e63127e7e231c160a80c1554acb70d5047e5"

get-stream@^2.2.0:
  version "2.3.1"
  resolved "https://registry.yarnpkg.com/get-stream/-/get-stream-2.3.1.tgz#5f38f93f346009666ee0150a054167f91bdd95de"
  dependencies:
    object-assign "^4.0.1"
    pinkie-promise "^2.0.0"

good-listener@^1.2.2:
  version "1.2.2"
  resolved "https://registry.yarnpkg.com/good-listener/-/good-listener-1.2.2.tgz#d53b30cdf9313dffb7dc9a0d477096aa6d145c50"
  dependencies:
    delegate "^3.1.2"

graceful-fs@^4.1.2:
  version "4.1.11"
  resolved "https://registry.yarnpkg.com/graceful-fs/-/graceful-fs-4.1.11.tgz#0e8bdfe4d1ddb8854d64e04ea7c00e2a026e5658"

hosted-git-info@^2.1.4:
  version "2.5.0"
  resolved "https://registry.yarnpkg.com/hosted-git-info/-/hosted-git-info-2.5.0.tgz#6d60e34b3abbc8313062c3b798ef8d901a07af3c"

include-fragment-element@^3.0.0:
  version "3.0.0"
  resolved "https://registry.yarnpkg.com/include-fragment-element/-/include-fragment-element-3.0.0.tgz#0e9fcd616f4020a0e4e3c1b58674811f73ce40c6"

invert-kv@^1.0.0:
  version "1.0.0"
  resolved "https://registry.yarnpkg.com/invert-kv/-/invert-kv-1.0.0.tgz#104a8e4aaca6d3d8cd157a8ef8bfab2d7a3ffdb6"

is-arrayish@^0.2.1:
  version "0.2.1"
  resolved "https://registry.yarnpkg.com/is-arrayish/-/is-arrayish-0.2.1.tgz#77c99840527aa8ecb1a8ba697b80645a7a926a9d"

is-builtin-module@^1.0.0:
  version "1.0.0"
  resolved "https://registry.yarnpkg.com/is-builtin-module/-/is-builtin-module-1.0.0.tgz#540572d34f7ac3119f8f76c30cbc1b1e037affbe"
  dependencies:
    builtin-modules "^1.0.0"

is-fullwidth-code-point@^1.0.0:
  version "1.0.0"
  resolved "https://registry.yarnpkg.com/is-fullwidth-code-point/-/is-fullwidth-code-point-1.0.0.tgz#ef9e31386f031a7f0d643af82fde50c457ef00cb"
  dependencies:
    number-is-nan "^1.0.0"

is-fullwidth-code-point@^2.0.0:
  version "2.0.0"
  resolved "https://registry.yarnpkg.com/is-fullwidth-code-point/-/is-fullwidth-code-point-2.0.0.tgz#a3b30a5c4f199183167aaab93beefae3ddfb654f"

is-stream@^1.1.0:
  version "1.1.0"
  resolved "https://registry.yarnpkg.com/is-stream/-/is-stream-1.1.0.tgz#12d4a3dd4e68e0b79ceb8dbc84173ae80d91ca44"

isexe@^2.0.0:
  version "2.0.0"
  resolved "https://registry.yarnpkg.com/isexe/-/isexe-2.0.0.tgz#e8fbf374dc556ff8947a10dcb0572d633f2cfa10"

"jquery-readyselector@git+https://git@github.com/Verba/jquery-readyselector.git":
  version "0.1.0"
  resolved "git+https://git@github.com/Verba/jquery-readyselector.git#8aab477cde0c02c1aa36e79a6f76c9fcab4aaa2b"

"jquery-ujs@ ~1.2.2":
  version "1.2.2"
  resolved "https://registry.yarnpkg.com/jquery-ujs/-/jquery-ujs-1.2.2.tgz#6a8ef1020e6b6dda385b90a4bddc128c21c56397"
  dependencies:
    jquery ">=1.8.0"

"jquery.turbolinks@git+https://git@github.com/kossnocorp/jquery.turbolinks#2.1.0":
  version "2.1.0"
  resolved "git+https://git@github.com/kossnocorp/jquery.turbolinks#6f336f1d3acceef95f9289129b64b00edc5709e7"

jquery@*, jquery@>=1.8.0, jquery@^3.2.1:
  version "3.2.1"
  resolved "https://registry.yarnpkg.com/jquery/-/jquery-3.2.1.tgz#5c4d9de652af6cd0a770154a631bba12b015c787"

lcid@^1.0.0:
  version "1.0.0"
  resolved "https://registry.yarnpkg.com/lcid/-/lcid-1.0.0.tgz#308accafa0bc483a3867b4b6f2b9506251d1b835"
  dependencies:
    invert-kv "^1.0.0"

load-json-file@^2.0.0:
  version "2.0.0"
  resolved "https://registry.yarnpkg.com/load-json-file/-/load-json-file-2.0.0.tgz#7947e42149af80d696cbf797bcaabcfe1fe29ca8"
  dependencies:
    graceful-fs "^4.1.2"
    parse-json "^2.2.0"
    pify "^2.0.0"
    strip-bom "^3.0.0"

locate-path@^2.0.0:
  version "2.0.0"
  resolved "https://registry.yarnpkg.com/locate-path/-/locate-path-2.0.0.tgz#2b568b265eec944c6d9c0de9c3dbbbca0354cd8e"
  dependencies:
    p-locate "^2.0.0"
    path-exists "^3.0.0"

lru-cache@^4.0.1:
  version "4.1.1"
  resolved "https://registry.yarnpkg.com/lru-cache/-/lru-cache-4.1.1.tgz#622e32e82488b49279114a4f9ecf45e7cd6bba55"
  dependencies:
    pseudomap "^1.0.2"
    yallist "^2.1.2"

mem@^1.1.0:
  version "1.1.0"
  resolved "https://registry.yarnpkg.com/mem/-/mem-1.1.0.tgz#5edd52b485ca1d900fe64895505399a0dfa45f76"
  dependencies:
    mimic-fn "^1.0.0"

mimic-fn@^1.0.0:
  version "1.1.0"
  resolved "https://registry.yarnpkg.com/mimic-fn/-/mimic-fn-1.1.0.tgz#e667783d92e89dbd342818b5230b9d62a672ad18"

normalize-package-data@^2.3.2:
  version "2.4.0"
  resolved "https://registry.yarnpkg.com/normalize-package-data/-/normalize-package-data-2.4.0.tgz#12f95a307d58352075a04907b84ac8be98ac012f"
  dependencies:
    hosted-git-info "^2.1.4"
    is-builtin-module "^1.0.0"
    semver "2 || 3 || 4 || 5"
    validate-npm-package-license "^3.0.1"

npm-run-path@^2.0.0:
  version "2.0.2"
  resolved "https://registry.yarnpkg.com/npm-run-path/-/npm-run-path-2.0.2.tgz#35a9232dfa35d7067b4cb2ddf2357b1871536c5f"
  dependencies:
    path-key "^2.0.0"

number-is-nan@^1.0.0:
  version "1.0.1"
  resolved "https://registry.yarnpkg.com/number-is-nan/-/number-is-nan-1.0.1.tgz#097b602b53422a522c1afb8790318336941a011d"

object-assign@^4.0.1:
  version "4.1.1"
  resolved "https://registry.yarnpkg.com/object-assign/-/object-assign-4.1.1.tgz#2109adc7965887cfc05cbbd442cac8bfbb360863"

os-locale@^2.0.0:
  version "2.0.0"
  resolved "https://registry.yarnpkg.com/os-locale/-/os-locale-2.0.0.tgz#15918ded510522b81ee7ae5a309d54f639fc39a4"
  dependencies:
    execa "^0.5.0"
    lcid "^1.0.0"
    mem "^1.1.0"

p-finally@^1.0.0:
  version "1.0.0"
  resolved "https://registry.yarnpkg.com/p-finally/-/p-finally-1.0.0.tgz#3fbcfb15b899a44123b34b6dcc18b724336a2cae"

p-limit@^1.1.0:
  version "1.1.0"
  resolved "https://registry.yarnpkg.com/p-limit/-/p-limit-1.1.0.tgz#b07ff2d9a5d88bec806035895a2bab66a27988bc"

p-locate@^2.0.0:
  version "2.0.0"
  resolved "https://registry.yarnpkg.com/p-locate/-/p-locate-2.0.0.tgz#20a0103b222a70c8fd39cc2e580680f3dde5ec43"
  dependencies:
    p-limit "^1.1.0"

parse-json@^2.2.0:
  version "2.2.0"
  resolved "https://registry.yarnpkg.com/parse-json/-/parse-json-2.2.0.tgz#f480f40434ef80741f8469099f8dea18f55a4dc9"
  dependencies:
    error-ex "^1.2.0"

path-exists@^3.0.0:
  version "3.0.0"
  resolved "https://registry.yarnpkg.com/path-exists/-/path-exists-3.0.0.tgz#ce0ebeaa5f78cb18925ea7d810d7b59b010fd515"

path-key@^2.0.0:
  version "2.0.1"
  resolved "https://registry.yarnpkg.com/path-key/-/path-key-2.0.1.tgz#411cadb574c5a140d3a4b1910d40d80cc9f40b40"

path-type@^2.0.0:
  version "2.0.0"
  resolved "https://registry.yarnpkg.com/path-type/-/path-type-2.0.0.tgz#f012ccb8415b7096fc2daa1054c3d72389594c73"
  dependencies:
    pify "^2.0.0"

pify@^2.0.0:
  version "2.3.0"
  resolved "https://registry.yarnpkg.com/pify/-/pify-2.3.0.tgz#ed141a6ac043a849ea588498e7dca8b15330e90c"

pinkie-promise@^2.0.0:
  version "2.0.1"
  resolved "https://registry.yarnpkg.com/pinkie-promise/-/pinkie-promise-2.0.1.tgz#2135d6dfa7a358c069ac9b178776288228450ffa"
  dependencies:
    pinkie "^2.0.0"

pinkie@^2.0.0:
  version "2.0.4"
  resolved "https://registry.yarnpkg.com/pinkie/-/pinkie-2.0.4.tgz#72556b80cfa0d48a974e80e77248e80ed4f7f870"

primer-alerts@1.5.9:
  version "1.5.9"
  resolved "https://registry.yarnpkg.com/primer-alerts/-/primer-alerts-1.5.9.tgz#c3abc5415da57645a13254b2f96442dae6a0322b"
  dependencies:
    primer-support "4.6.0"

primer-avatars@1.5.6:
  version "1.5.6"
  resolved "https://registry.yarnpkg.com/primer-avatars/-/primer-avatars-1.5.6.tgz#ad4a5007cff4b28c8043a28cdf62d12ce3289912"
  dependencies:
    primer-support "4.6.0"

primer-base@1.7.4:
  version "1.7.4"
  resolved "https://registry.yarnpkg.com/primer-base/-/primer-base-1.7.4.tgz#4803ceb670aecec32bea56672323a06bfce8cf8b"
  dependencies:
    primer-support "4.6.0"

primer-blankslate@1.4.9:
  version "1.4.9"
  resolved "https://registry.yarnpkg.com/primer-blankslate/-/primer-blankslate-1.4.9.tgz#8422525ce20cba9a1b1a422612ea0fa8a2ee035f"
  dependencies:
    primer-support "4.6.0"

primer-box@2.5.9:
  version "2.5.9"
  resolved "https://registry.yarnpkg.com/primer-box/-/primer-box-2.5.9.tgz#b112365b57566a53b1b4a08de332007665c10713"
  dependencies:
    primer-support "4.6.0"

primer-branch-name@1.0.7:
  version "1.0.7"
  resolved "https://registry.yarnpkg.com/primer-branch-name/-/primer-branch-name-1.0.7.tgz#5f9f5b07cb170bea8be28242d073b8199d7d99ea"
  dependencies:
    primer-support "4.6.0"

primer-breadcrumb@1.5.5:
  version "1.5.5"
  resolved "https://registry.yarnpkg.com/primer-breadcrumb/-/primer-breadcrumb-1.5.5.tgz#3b77068aacfdaa0f78c0ca6a622ada1a2d9f4945"
  dependencies:
    primer-support "4.6.0"

primer-buttons@2.6.0:
  version "2.6.0"
  resolved "https://registry.yarnpkg.com/primer-buttons/-/primer-buttons-2.6.0.tgz#8026f8a16a14201f2987a0b430baf5ef6751d95c"
  dependencies:
    primer-support "4.6.0"

primer-core@6.10.3:
  version "6.10.3"
  resolved "https://registry.yarnpkg.com/primer-core/-/primer-core-6.10.3.tgz#c92a20b91f4acf6f2abf2035bb5c40e12a47fa1f"
  dependencies:
    primer-base "1.7.4"
    primer-box "2.5.9"
    primer-breadcrumb "1.5.5"
    primer-buttons "2.6.0"
    primer-forms "2.1.4"
    primer-layout "1.4.9"
    primer-navigation "1.5.7"
    primer-pagination "1.0.3"
    primer-support "4.6.0"
    primer-table-object "1.4.9"
    primer-tooltips "1.5.7"
    primer-truncate "1.4.9"
    primer-utilities "4.12.0"

primer-forms@2.1.4:
  version "2.1.4"
  resolved "https://registry.yarnpkg.com/primer-forms/-/primer-forms-2.1.4.tgz#55fb0c2531ad303c5565c9401ee49fe9bc3ced09"
  dependencies:
    primer-support "4.6.0"

primer-labels@1.5.9:
  version "1.5.9"
  resolved "https://registry.yarnpkg.com/primer-labels/-/primer-labels-1.5.9.tgz#47a1d569098ce002dac48d0176ab4aad1a0243e2"
  dependencies:
    primer-support "4.6.0"

primer-layout@1.4.9:
  version "1.4.9"
  resolved "https://registry.yarnpkg.com/primer-layout/-/primer-layout-1.4.9.tgz#21f0a64c123c6731f44fa10c236a53273e5fd3d6"
  dependencies:
    primer-support "4.6.0"

primer-markdown@3.7.9:
  version "3.7.9"
  resolved "https://registry.yarnpkg.com/primer-markdown/-/primer-markdown-3.7.9.tgz#d459a54e509e5ee51955157a31371b29a1080e63"
  dependencies:
    primer-support "4.6.0"

primer-marketing-buttons@1.0.9:
  version "1.0.9"
  resolved "https://registry.yarnpkg.com/primer-marketing-buttons/-/primer-marketing-buttons-1.0.9.tgz#8f8facc157bc11b16c46d6acb51f87a12eb9d67e"
  dependencies:
    primer-support "4.6.0"

primer-marketing-support@1.5.3:
  version "1.5.3"
  resolved "https://registry.yarnpkg.com/primer-marketing-support/-/primer-marketing-support-1.5.3.tgz#ebce70c7299bd780d243e47cfa2385ccf3189d4d"

primer-marketing-type@1.4.9:
  version "1.4.9"
  resolved "https://registry.yarnpkg.com/primer-marketing-type/-/primer-marketing-type-1.4.9.tgz#f7b397a7156dcbac7244272681db723f3ede18d4"
  dependencies:
    primer-marketing-support "1.5.3"
    primer-support "4.6.0"

primer-marketing-utilities@1.6.5:
  version "1.6.5"
  resolved "https://registry.yarnpkg.com/primer-marketing-utilities/-/primer-marketing-utilities-1.6.5.tgz#345c817d6de37d6cdab48e7b2065299fb35a2c1e"
  dependencies:
    primer-marketing-support "1.5.3"
    primer-support "4.6.0"

primer-marketing@6.2.5:
  version "6.2.5"
  resolved "https://registry.yarnpkg.com/primer-marketing/-/primer-marketing-6.2.5.tgz#8fefdfe46f06b6fb728e7499fa335f35f099ac1f"
  dependencies:
    primer-marketing-buttons "1.0.9"
    primer-marketing-support "1.5.3"
    primer-marketing-type "1.4.9"
    primer-marketing-utilities "1.6.5"
    primer-page-headers "1.4.9"
    primer-page-sections "1.4.9"
    primer-support "4.6.0"
    primer-tables "1.4.9"

primer-navigation@1.5.7:
  version "1.5.7"
  resolved "https://registry.yarnpkg.com/primer-navigation/-/primer-navigation-1.5.7.tgz#1cd6a3d06343d85bb0648e0b234e52340e974bcb"
  dependencies:
    primer-support "4.6.0"

primer-page-headers@1.4.9:
  version "1.4.9"
  resolved "https://registry.yarnpkg.com/primer-page-headers/-/primer-page-headers-1.4.9.tgz#f2bff5a981070b39db1a5a4064c9ee8ceae9b5c2"
  dependencies:
    primer-marketing-support "1.5.3"
    primer-support "4.6.0"

primer-page-sections@1.4.9:
  version "1.4.9"
  resolved "https://registry.yarnpkg.com/primer-page-sections/-/primer-page-sections-1.4.9.tgz#663056f7b986fd730f747b883dcb8404bf496a7d"
  dependencies:
    primer-marketing-support "1.5.3"
    primer-support "4.6.0"

primer-pagination@1.0.3:
  version "1.0.3"
  resolved "https://registry.yarnpkg.com/primer-pagination/-/primer-pagination-1.0.3.tgz#f7b83a48c50edd88244da53682dcab9f668091fb"
  dependencies:
    primer-support "4.6.0"

primer-popover@0.1.4:
  version "0.1.4"
  resolved "https://registry.yarnpkg.com/primer-popover/-/primer-popover-0.1.4.tgz#74d481025d7a25abbbcd54dfd60e272586552d80"
  dependencies:
    primer-support "4.6.0"

primer-product@5.6.7:
  version "5.6.7"
  resolved "https://registry.yarnpkg.com/primer-product/-/primer-product-5.6.7.tgz#2b9109681ba424fe3d042eaa79c762d3cb3cd95a"
  dependencies:
    primer-alerts "1.5.9"
    primer-avatars "1.5.6"
    primer-blankslate "1.4.9"
    primer-branch-name "1.0.7"
    primer-labels "1.5.9"
    primer-markdown "3.7.9"
    primer-popover "0.1.4"
    primer-subhead "1.0.7"
    primer-support "4.6.0"

primer-subhead@1.0.7:
  version "1.0.7"
  resolved "https://registry.yarnpkg.com/primer-subhead/-/primer-subhead-1.0.7.tgz#1b0836ee51ada2e4af04b9433da21055ffac3b47"
  dependencies:
    primer-support "4.6.0"

primer-support@4.6.0:
  version "4.6.0"
  resolved "https://registry.yarnpkg.com/primer-support/-/primer-support-4.6.0.tgz#42ad30ebea31f7fabb529127b32864d6cbfc2b3c"

primer-table-object@1.4.9:
  version "1.4.9"
  resolved "https://registry.yarnpkg.com/primer-table-object/-/primer-table-object-1.4.9.tgz#f61f50816ae6851825ffcb6bb3aa151af045fd64"
  dependencies:
    primer-support "4.6.0"

primer-tables@1.4.9:
  version "1.4.9"
  resolved "https://registry.yarnpkg.com/primer-tables/-/primer-tables-1.4.9.tgz#8c92dd6a023148277c3b5fe9191b349e822c209d"
  dependencies:
    primer-marketing-support "1.5.3"
    primer-support "4.6.0"

primer-tooltips@1.5.7:
  version "1.5.7"
  resolved "https://registry.yarnpkg.com/primer-tooltips/-/primer-tooltips-1.5.7.tgz#67efd695d6042aca585a3dcc275594c5d8d7135b"
  dependencies:
    primer-support "4.6.0"

primer-truncate@1.4.9:
  version "1.4.9"
  resolved "https://registry.yarnpkg.com/primer-truncate/-/primer-truncate-1.4.9.tgz#5c03e40bd69443b4eb9931bbfe9adaf907eedfef"
  dependencies:
    primer-support "4.6.0"

primer-utilities@4.12.0:
  version "4.12.0"
  resolved "https://registry.yarnpkg.com/primer-utilities/-/primer-utilities-4.12.0.tgz#7aee58d75a2e23326f6acfe41b55bbc928d2244e"
  dependencies:
    primer-support "4.6.0"

primer@^10.8.1:
  version "10.8.1"
  resolved "https://registry.yarnpkg.com/primer/-/primer-10.8.1.tgz#8346b9f04ca618821795978e36d9b9945d56cd13"
  dependencies:
    primer-alerts "1.5.9"
    primer-avatars "1.5.6"
    primer-base "1.7.4"
    primer-blankslate "1.4.9"
    primer-box "2.5.9"
    primer-branch-name "1.0.7"
    primer-breadcrumb "1.5.5"
    primer-buttons "2.6.0"
    primer-core "6.10.3"
    primer-forms "2.1.4"
    primer-labels "1.5.9"
    primer-layout "1.4.9"
    primer-markdown "3.7.9"
    primer-marketing "6.2.5"
    primer-marketing-buttons "1.0.9"
    primer-marketing-support "1.5.3"
    primer-marketing-type "1.4.9"
    primer-marketing-utilities "1.6.5"
    primer-navigation "1.5.7"
    primer-page-headers "1.4.9"
    primer-page-sections "1.4.9"
    primer-pagination "1.0.3"
    primer-popover "0.1.4"
    primer-product "5.6.7"
    primer-subhead "1.0.7"
    primer-support "4.6.0"
    primer-table-object "1.4.9"
    primer-tables "1.4.9"
    primer-tooltips "1.5.7"
    primer-truncate "1.4.9"
    primer-utilities "4.12.0"

pseudomap@^1.0.2:
  version "1.0.2"
  resolved "https://registry.yarnpkg.com/pseudomap/-/pseudomap-1.0.2.tgz#f052a28da70e618917ef0a8ac34c1ae5a68286b3"

rails-ujs@^5.1.1:
  version "5.1.2"
  resolved "https://registry.yarnpkg.com/rails-ujs/-/rails-ujs-5.1.2.tgz#94919e35e7fa07467223e9c81444704593559ef5"

read-pkg-up@^2.0.0:
  version "2.0.0"
  resolved "https://registry.yarnpkg.com/read-pkg-up/-/read-pkg-up-2.0.0.tgz#6b72a8048984e0c41e79510fd5e9fa99b3b549be"
  dependencies:
    find-up "^2.0.0"
    read-pkg "^2.0.0"

read-pkg@^2.0.0:
  version "2.0.0"
  resolved "https://registry.yarnpkg.com/read-pkg/-/read-pkg-2.0.0.tgz#8ef1c0623c6a6db0dc6713c4bfac46332b2368f8"
  dependencies:
    load-json-file "^2.0.0"
    normalize-package-data "^2.3.2"
    path-type "^2.0.0"

remodal@^1.1.1:
  version "1.1.1"
  resolved "https://registry.yarnpkg.com/remodal/-/remodal-1.1.1.tgz#00f580b09417b2b7e7a425b17327ec10f3d596c3"
  dependencies:
    jquery "*"

require-directory@^2.1.1:
  version "2.1.1"
  resolved "https://registry.yarnpkg.com/require-directory/-/require-directory-2.1.1.tgz#8c64ad5fd30dab1c976e2344ffe7f792a6a6df42"

require-main-filename@^1.0.1:
  version "1.0.1"
  resolved "https://registry.yarnpkg.com/require-main-filename/-/require-main-filename-1.0.1.tgz#97f717b69d48784f5f526a6c5aa8ffdda055a4d1"

select@^1.1.2:
  version "1.1.2"
  resolved "https://registry.yarnpkg.com/select/-/select-1.1.2.tgz#0e7350acdec80b1108528786ec1d4418d11b396d"

"semver@2 || 3 || 4 || 5":
  version "5.3.0"
  resolved "https://registry.yarnpkg.com/semver/-/semver-5.3.0.tgz#9b2ce5d3de02d17c6012ad326aa6b4d0cf54f94f"

set-blocking@^2.0.0:
  version "2.0.0"
  resolved "https://registry.yarnpkg.com/set-blocking/-/set-blocking-2.0.0.tgz#045f9782d011ae9a6803ddd382b24392b3d890f7"

signal-exit@^3.0.0:
  version "3.0.2"
  resolved "https://registry.yarnpkg.com/signal-exit/-/signal-exit-3.0.2.tgz#b5fdc08f1287ea1178628e415e25132b73646c6d"

spdx-correct@~1.0.0:
  version "1.0.2"
  resolved "https://registry.yarnpkg.com/spdx-correct/-/spdx-correct-1.0.2.tgz#4b3073d933ff51f3912f03ac5519498a4150db40"
  dependencies:
    spdx-license-ids "^1.0.2"

spdx-expression-parse@~1.0.0:
  version "1.0.4"
  resolved "https://registry.yarnpkg.com/spdx-expression-parse/-/spdx-expression-parse-1.0.4.tgz#9bdf2f20e1f40ed447fbe273266191fced51626c"

spdx-license-ids@^1.0.2:
  version "1.2.2"
  resolved "https://registry.yarnpkg.com/spdx-license-ids/-/spdx-license-ids-1.2.2.tgz#c9df7a3424594ade6bd11900d596696dc06bac57"

string-width@^1.0.1:
  version "1.0.2"
  resolved "https://registry.yarnpkg.com/string-width/-/string-width-1.0.2.tgz#118bdf5b8cdc51a2a7e70d211e07e2b0b9b107d3"
  dependencies:
    code-point-at "^1.0.0"
    is-fullwidth-code-point "^1.0.0"
    strip-ansi "^3.0.0"

string-width@^2.0.0:
  version "2.1.0"
  resolved "https://registry.yarnpkg.com/string-width/-/string-width-2.1.0.tgz#030664561fc146c9423ec7d978fe2457437fe6d0"
  dependencies:
    is-fullwidth-code-point "^2.0.0"
    strip-ansi "^4.0.0"

strip-ansi@^3.0.0, strip-ansi@^3.0.1:
  version "3.0.1"
  resolved "https://registry.yarnpkg.com/strip-ansi/-/strip-ansi-3.0.1.tgz#6a385fb8853d952d5ff05d0e8aaf94278dc63dcf"
  dependencies:
    ansi-regex "^2.0.0"

strip-ansi@^4.0.0:
  version "4.0.0"
  resolved "https://registry.yarnpkg.com/strip-ansi/-/strip-ansi-4.0.0.tgz#a8479022eb1ac368a871389b635262c505ee368f"
  dependencies:
    ansi-regex "^3.0.0"

strip-bom@^3.0.0:
  version "3.0.0"
  resolved "https://registry.yarnpkg.com/strip-bom/-/strip-bom-3.0.0.tgz#2334c18e9c759f7bdd56fdef7e9ae3d588e68ed3"

strip-eof@^1.0.0:
  version "1.0.0"
  resolved "https://registry.yarnpkg.com/strip-eof/-/strip-eof-1.0.0.tgz#bb43ff5598a6eb05d89b59fcd129c983313606bf"

ticky@1.0.1:
  version "1.0.1"
  resolved "https://registry.yarnpkg.com/ticky/-/ticky-1.0.1.tgz#b7cfa71e768f1c9000c497b9151b30947c50e46d"

tiny-emitter@^2.0.0:
  version "2.0.1"
  resolved "https://registry.yarnpkg.com/tiny-emitter/-/tiny-emitter-2.0.1.tgz#e65919d91e488e2a78f7ebe827a56c6b188d51af"

transliteration@^1.6.2:
  version "1.6.2"
  resolved "https://registry.yarnpkg.com/transliteration/-/transliteration-1.6.2.tgz#335c91bf70f3b211bb81e8d03992b2078c0dac96"
  dependencies:
    yargs "^8.0.1"

validate-npm-package-license@^3.0.1:
  version "3.0.1"
  resolved "https://registry.yarnpkg.com/validate-npm-package-license/-/validate-npm-package-license-3.0.1.tgz#2804babe712ad3379459acfbe24746ab2c303fbc"
  dependencies:
    spdx-correct "~1.0.0"
    spdx-expression-parse "~1.0.0"

webcomponents.js@^0.7.24:
  version "0.7.24"
  resolved "https://registry.yarnpkg.com/webcomponents.js/-/webcomponents.js-0.7.24.tgz#2116fbfa1468ec416a7befdaa333e1d118f69c04"

whatwg-fetch@^2.0.3:
  version "2.0.3"
  resolved "https://registry.yarnpkg.com/whatwg-fetch/-/whatwg-fetch-2.0.3.tgz#9c84ec2dcf68187ff00bc64e1274b442176e1c84"

which-module@^2.0.0:
  version "2.0.0"
  resolved "https://registry.yarnpkg.com/which-module/-/which-module-2.0.0.tgz#d9ef07dce77b9902b8a3a8fa4b31c3e3f7e6e87a"

which@^1.2.9:
  version "1.2.14"
  resolved "https://registry.yarnpkg.com/which/-/which-1.2.14.tgz#9a87c4378f03e827cecaf1acdf56c736c01c14e5"
  dependencies:
    isexe "^2.0.0"

wrap-ansi@^2.0.0:
  version "2.1.0"
  resolved "https://registry.yarnpkg.com/wrap-ansi/-/wrap-ansi-2.1.0.tgz#d8fc3d284dd05794fe84973caecdd1cf824fdd85"
  dependencies:
    string-width "^1.0.1"
    strip-ansi "^3.0.1"

y18n@^3.2.1:
  version "3.2.1"
  resolved "https://registry.yarnpkg.com/y18n/-/y18n-3.2.1.tgz#6d15fba884c08679c0d77e88e7759e811e07fa41"

yallist@^2.1.2:
  version "2.1.2"
  resolved "https://registry.yarnpkg.com/yallist/-/yallist-2.1.2.tgz#1c11f9218f076089a47dd512f93c6699a6a81d52"

yargs-parser@^7.0.0:
  version "7.0.0"
  resolved "https://registry.yarnpkg.com/yargs-parser/-/yargs-parser-7.0.0.tgz#8d0ac42f16ea55debd332caf4c4038b3e3f5dfd9"
  dependencies:
    camelcase "^4.1.0"

yargs@^8.0.1:
  version "8.0.2"
  resolved "https://registry.yarnpkg.com/yargs/-/yargs-8.0.2.tgz#6299a9055b1cefc969ff7e79c1d918dceb22c360"
  dependencies:
    camelcase "^4.1.0"
    cliui "^3.2.0"
    decamelize "^1.1.1"
    get-caller-file "^1.0.1"
    os-locale "^2.0.0"
    read-pkg-up "^2.0.0"
    require-directory "^2.1.1"
    require-main-filename "^1.0.1"
    set-blocking "^2.0.0"
    string-width "^2.0.0"
    which-module "^2.0.0"
    y18n "^3.2.1"
    yargs-parser "^7.0.0"
